// !$*UTF8*$!
{
	archiveVersion = 1;
	classes = {
	};
	objectVersion = 50;
	objects = {

/* Begin PBXBuildFile section */
		3878055E21777B7B009A3C9C /* AppDelegate.swift in Sources */ = {isa = PBXBuildFile; fileRef = 3878055D21777B7B009A3C9C /* AppDelegate.swift */; };
		3878056021777B7B009A3C9C /* ViewController.swift in Sources */ = {isa = PBXBuildFile; fileRef = 3878055F21777B7B009A3C9C /* ViewController.swift */; };
		3878056321777B7B009A3C9C /* Main.storyboard in Resources */ = {isa = PBXBuildFile; fileRef = 3878056121777B7B009A3C9C /* Main.storyboard */; };
		3878056521777B7C009A3C9C /* Assets.xcassets in Resources */ = {isa = PBXBuildFile; fileRef = 3878056421777B7C009A3C9C /* Assets.xcassets */; };
		3878056821777B7C009A3C9C /* LaunchScreen.storyboard in Resources */ = {isa = PBXBuildFile; fileRef = 3878056621777B7C009A3C9C /* LaunchScreen.storyboard */; };
		3878057321777B7C009A3C9C /* Example_with_RyanTests.swift in Sources */ = {isa = PBXBuildFile; fileRef = 3878057221777B7C009A3C9C /* Example_with_RyanTests.swift */; };
		3878057E21777B7C009A3C9C /* Example_with_RyanUITests.swift in Sources */ = {isa = PBXBuildFile; fileRef = 3878057D21777B7C009A3C9C /* Example_with_RyanUITests.swift */; };
/* End PBXBuildFile section */

/* Begin PBXContainerItemProxy section */
		3878056F21777B7C009A3C9C /* PBXContainerItemProxy */ = {
			isa = PBXContainerItemProxy;
			containerPortal = 3878055221777B7B009A3C9C /* Project object */;
			proxyType = 1;
			remoteGlobalIDString = 3878055921777B7B009A3C9C;
			remoteInfo = "Example with Ryan";
		};
		3878057A21777B7C009A3C9C /* PBXContainerItemProxy */ = {
			isa = PBXContainerItemProxy;
			containerPortal = 3878055221777B7B009A3C9C /* Project object */;
			proxyType = 1;
			remoteGlobalIDString = 3878055921777B7B009A3C9C;
			remoteInfo = "Example with Ryan";
		};
/* End PBXContainerItemProxy section */

/* Begin PBXFileReference section */
		3878055A21777B7B009A3C9C /* Example with Ryan.app */ = {isa = PBXFileReference; explicitFileType = wrapper.application; includeInIndex = 0; path = "Example with Ryan.app"; sourceTree = BUILT_PRODUCTS_DIR; };
		3878055D21777B7B009A3C9C /* AppDelegate.swift */ = {isa = PBXFileReference; lastKnownFileType = sourcecode.swift; path = AppDelegate.swift; sourceTree = "<group>"; };
		3878055F21777B7B009A3C9C /* ViewController.swift */ = {isa = PBXFileReference; lastKnownFileType = sourcecode.swift; path = ViewController.swift; sourceTree = "<group>"; };
		3878056221777B7B009A3C9C /* Base */ = {isa = PBXFileReference; lastKnownFileType = file.storyboard; name = Base; path = Base.lproj/Main.storyboard; sourceTree = "<group>"; };
		3878056421777B7C009A3C9C /* Assets.xcassets */ = {isa = PBXFileReference; lastKnownFileType = folder.assetcatalog; path = Assets.xcassets; sourceTree = "<group>"; };
		3878056721777B7C009A3C9C /* Base */ = {isa = PBXFileReference; lastKnownFileType = file.storyboard; name = Base; path = Base.lproj/LaunchScreen.storyboard; sourceTree = "<group>"; };
		3878056921777B7C009A3C9C /* Info.plist */ = {isa = PBXFileReference; lastKnownFileType = text.plist.xml; path = Info.plist; sourceTree = "<group>"; };
		3878056E21777B7C009A3C9C /* Example with RyanTests.xctest */ = {isa = PBXFileReference; explicitFileType = wrapper.cfbundle; includeInIndex = 0; path = "Example with RyanTests.xctest"; sourceTree = BUILT_PRODUCTS_DIR; };
		3878057221777B7C009A3C9C /* Example_with_RyanTests.swift */ = {isa = PBXFileReference; lastKnownFileType = sourcecode.swift; path = Example_with_RyanTests.swift; sourceTree = "<group>"; };
		3878057421777B7C009A3C9C /* Info.plist */ = {isa = PBXFileReference; lastKnownFileType = text.plist.xml; path = Info.plist; sourceTree = "<group>"; };
		3878057921777B7C009A3C9C /* Example with RyanUITests.xctest */ = {isa = PBXFileReference; explicitFileType = wrapper.cfbundle; includeInIndex = 0; path = "Example with RyanUITests.xctest"; sourceTree = BUILT_PRODUCTS_DIR; };
		3878057D21777B7C009A3C9C /* Example_with_RyanUITests.swift */ = {isa = PBXFileReference; lastKnownFileType = sourcecode.swift; path = Example_with_RyanUITests.swift; sourceTree = "<group>"; };
		3878057F21777B7C009A3C9C /* Info.plist */ = {isa = PBXFileReference; lastKnownFileType = text.plist.xml; path = Info.plist; sourceTree = "<group>"; };
/* End PBXFileReference section */

/* Begin PBXFrameworksBuildPhase section */
		3878055721777B7B009A3C9C /* Frameworks */ = {
			isa = PBXFrameworksBuildPhase;
			buildActionMask = 2147483647;
			files = (
			);
			runOnlyForDeploymentPostprocessing = 0;
		};
		3878056B21777B7C009A3C9C /* Frameworks */ = {
			isa = PBXFrameworksBuildPhase;
			buildActionMask = 2147483647;
			files = (
			);
			runOnlyForDeploymentPostprocessing = 0;
		};
		3878057621777B7C009A3C9C /* Frameworks */ = {
			isa = PBXFrameworksBuildPhase;
			buildActionMask = 2147483647;
			files = (
			);
			runOnlyForDeploymentPostprocessing = 0;
		};
/* End PBXFrameworksBuildPhase section */

/* Begin PBXGroup section */
		3878055121777B7B009A3C9C = {
			isa = PBXGroup;
			children = (
				3878055C21777B7B009A3C9C /* Example with Ryan */,
				3878057121777B7C009A3C9C /* Example with RyanTests */,
				3878057C21777B7C009A3C9C /* Example with RyanUITests */,
				3878055B21777B7B009A3C9C /* Products */,
			);
			sourceTree = "<group>";
		};
		3878055B21777B7B009A3C9C /* Products */ = {
			isa = PBXGroup;
			children = (
				3878055A21777B7B009A3C9C /* Example with Ryan.app */,
				3878056E21777B7C009A3C9C /* Example with RyanTests.xctest */,
				3878057921777B7C009A3C9C /* Example with RyanUITests.xctest */,
			);
			name = Products;
			sourceTree = "<group>";
		};
		3878055C21777B7B009A3C9C /* Example with Ryan */ = {
			isa = PBXGroup;
			children = (
				3878055D21777B7B009A3C9C /* AppDelegate.swift */,
				3878055F21777B7B009A3C9C /* ViewController.swift */,
				3878056121777B7B009A3C9C /* Main.storyboard */,
				3878056421777B7C009A3C9C /* Assets.xcassets */,
				3878056621777B7C009A3C9C /* LaunchScreen.storyboard */,
				3878056921777B7C009A3C9C /* Info.plist */,
			);
			path = "Example with Ryan";
			sourceTree = "<group>";
		};
		3878057121777B7C009A3C9C /* Example with RyanTests */ = {
			isa = PBXGroup;
			children = (
				3878057221777B7C009A3C9C /* Example_with_RyanTests.swift */,
				3878057421777B7C009A3C9C /* Info.plist */,
			);
			path = "Example with RyanTests";
			sourceTree = "<group>";
		};
		3878057C21777B7C009A3C9C /* Example with RyanUITests */ = {
			isa = PBXGroup;
			children = (
				3878057D21777B7C009A3C9C /* Example_with_RyanUITests.swift */,
				3878057F21777B7C009A3C9C /* Info.plist */,
			);
			path = "Example with RyanUITests";
			sourceTree = "<group>";
		};
/* End PBXGroup section */

/* Begin PBXNativeTarget section */
		3878055921777B7B009A3C9C /* Example with Ryan */ = {
			isa = PBXNativeTarget;
			buildConfigurationList = 3878058221777B7C009A3C9C /* Build configuration list for PBXNativeTarget "Example with Ryan" */;
			buildPhases = (
				3878055621777B7B009A3C9C /* Sources */,
				3878055721777B7B009A3C9C /* Frameworks */,
				3878055821777B7B009A3C9C /* Resources */,
			);
			buildRules = (
			);
			dependencies = (
			);
			name = "Example with Ryan";
			productName = "Example with Ryan";
			productReference = 3878055A21777B7B009A3C9C /* Example with Ryan.app */;
			productType = "com.apple.product-type.application";
		};
		3878056D21777B7C009A3C9C /* Example with RyanTests */ = {
			isa = PBXNativeTarget;
			buildConfigurationList = 3878058521777B7C009A3C9C /* Build configuration list for PBXNativeTarget "Example with RyanTests" */;
			buildPhases = (
				3878056A21777B7C009A3C9C /* Sources */,
				3878056B21777B7C009A3C9C /* Frameworks */,
				3878056C21777B7C009A3C9C /* Resources */,
			);
			buildRules = (
			);
			dependencies = (
				3878057021777B7C009A3C9C /* PBXTargetDependency */,
			);
			name = "Example with RyanTests";
			productName = "Example with RyanTests";
			productReference = 3878056E21777B7C009A3C9C /* Example with RyanTests.xctest */;
			productType = "com.apple.product-type.bundle.unit-test";
		};
		3878057821777B7C009A3C9C /* Example with RyanUITests */ = {
			isa = PBXNativeTarget;
			buildConfigurationList = 3878058821777B7C009A3C9C /* Build configuration list for PBXNativeTarget "Example with RyanUITests" */;
			buildPhases = (
				3878057521777B7C009A3C9C /* Sources */,
				3878057621777B7C009A3C9C /* Frameworks */,
				3878057721777B7C009A3C9C /* Resources */,
			);
			buildRules = (
			);
			dependencies = (
				3878057B21777B7C009A3C9C /* PBXTargetDependency */,
			);
			name = "Example with RyanUITests";
			productName = "Example with RyanUITests";
			productReference = 3878057921777B7C009A3C9C /* Example with RyanUITests.xctest */;
			productType = "com.apple.product-type.bundle.ui-testing";
		};
/* End PBXNativeTarget section */

/* Begin PBXProject section */
		3878055221777B7B009A3C9C /* Project object */ = {
			isa = PBXProject;
			attributes = {
				LastSwiftUpdateCheck = 1000;
				LastUpgradeCheck = 1000;
				ORGANIZATIONNAME = "Justin Herzog";
				TargetAttributes = {
					3878055921777B7B009A3C9C = {
						CreatedOnToolsVersion = 10.0;
					};
					3878056D21777B7C009A3C9C = {
						CreatedOnToolsVersion = 10.0;
						TestTargetID = 3878055921777B7B009A3C9C;
					};
					3878057821777B7C009A3C9C = {
						CreatedOnToolsVersion = 10.0;
						TestTargetID = 3878055921777B7B009A3C9C;
					};
				};
			};
			buildConfigurationList = 3878055521777B7B009A3C9C /* Build configuration list for PBXProject "Example with Ryan" */;
			compatibilityVersion = "Xcode 9.3";
			developmentRegion = en;
			hasScannedForEncodings = 0;
			knownRegions = (
				en,
				Base,
			);
			mainGroup = 3878055121777B7B009A3C9C;
			productRefGroup = 3878055B21777B7B009A3C9C /* Products */;
			projectDirPath = "";
			projectRoot = "";
			targets = (
				3878055921777B7B009A3C9C /* Example with Ryan */,
				3878056D21777B7C009A3C9C /* Example with RyanTests */,
				3878057821777B7C009A3C9C /* Example with RyanUITests */,
			);
		};
/* End PBXProject section */

/* Begin PBXResourcesBuildPhase section */
		3878055821777B7B009A3C9C /* Resources */ = {
			isa = PBXResourcesBuildPhase;
			buildActionMask = 2147483647;
			files = (
				3878056821777B7C009A3C9C /* LaunchScreen.storyboard in Resources */,
				3878056521777B7C009A3C9C /* Assets.xcassets in Resources */,
				3878056321777B7B009A3C9C /* Main.storyboard in Resources */,
			);
			runOnlyForDeploymentPostprocessing = 0;
		};
		3878056C21777B7C009A3C9C /* Resources */ = {
			isa = PBXResourcesBuildPhase;
			buildActionMask = 2147483647;
			files = (
			);
			runOnlyForDeploymentPostprocessing = 0;
		};
		3878057721777B7C009A3C9C /* Resources */ = {
			isa = PBXResourcesBuildPhase;
			buildActionMask = 2147483647;
			files = (
			);
			runOnlyForDeploymentPostprocessing = 0;
		};
/* End PBXResourcesBuildPhase section */

/* Begin PBXSourcesBuildPhase section */
		3878055621777B7B009A3C9C /* Sources */ = {
			isa = PBXSourcesBuildPhase;
			buildActionMask = 2147483647;
			files = (
				3878056021777B7B009A3C9C /* ViewController.swift in Sources */,
				3878055E21777B7B009A3C9C /* AppDelegate.swift in Sources */,
			);
			runOnlyForDeploymentPostprocessing = 0;
		};
		3878056A21777B7C009A3C9C /* Sources */ = {
			isa = PBXSourcesBuildPhase;
			buildActionMask = 2147483647;
			files = (
				3878057321777B7C009A3C9C /* Example_with_RyanTests.swift in Sources */,
			);
			runOnlyForDeploymentPostprocessing = 0;
		};
		3878057521777B7C009A3C9C /* Sources */ = {
			isa = PBXSourcesBuildPhase;
			buildActionMask = 2147483647;
			files = (
				3878057E21777B7C009A3C9C /* Example_with_RyanUITests.swift in Sources */,
			);
			runOnlyForDeploymentPostprocessing = 0;
		};
/* End PBXSourcesBuildPhase section */

/* Begin PBXTargetDependency section */
		3878057021777B7C009A3C9C /* PBXTargetDependency */ = {
			isa = PBXTargetDependency;
			target = 3878055921777B7B009A3C9C /* Example with Ryan */;
			targetProxy = 3878056F21777B7C009A3C9C /* PBXContainerItemProxy */;
		};
		3878057B21777B7C009A3C9C /* PBXTargetDependency */ = {
			isa = PBXTargetDependency;
			target = 3878055921777B7B009A3C9C /* Example with Ryan */;
			targetProxy = 3878057A21777B7C009A3C9C /* PBXContainerItemProxy */;
		};
/* End PBXTargetDependency section */

/* Begin PBXVariantGroup section */
		3878056121777B7B009A3C9C /* Main.storyboard */ = {
			isa = PBXVariantGroup;
			children = (
				3878056221777B7B009A3C9C /* Base */,
			);
			name = Main.storyboard;
			sourceTree = "<group>";
		};
		3878056621777B7C009A3C9C /* LaunchScreen.storyboard */ = {
			isa = PBXVariantGroup;
			children = (
				3878056721777B7C009A3C9C /* Base */,
			);
			name = LaunchScreen.storyboard;
			sourceTree = "<group>";
		};
/* End PBXVariantGroup section */

/* Begin XCBuildConfiguration section */
		3878058021777B7C009A3C9C /* Debug */ = {
			isa = XCBuildConfiguration;
			buildSettings = {
				ALWAYS_SEARCH_USER_PATHS = NO;
				CLANG_ANALYZER_NONNULL = YES;
				CLANG_ANALYZER_NUMBER_OBJECT_CONVERSION = YES_AGGRESSIVE;
				CLANG_CXX_LANGUAGE_STANDARD = "gnu++14";
				CLANG_CXX_LIBRARY = "libc++";
				CLANG_ENABLE_MODULES = YES;
				CLANG_ENABLE_OBJC_ARC = YES;
				CLANG_ENABLE_OBJC_WEAK = YES;
				CLANG_WARN_BLOCK_CAPTURE_AUTORELEASING = YES;
				CLANG_WARN_BOOL_CONVERSION = YES;
				CLANG_WARN_COMMA = YES;
				CLANG_WARN_CONSTANT_CONVERSION = YES;
				CLANG_WARN_DEPRECATED_OBJC_IMPLEMENTATIONS = YES;
				CLANG_WARN_DIRECT_OBJC_ISA_USAGE = YES_ERROR;
				CLANG_WARN_DOCUMENTATION_COMMENTS = YES;
				CLANG_WARN_EMPTY_BODY = YES;
				CLANG_WARN_ENUM_CONVERSION = YES;
				CLANG_WARN_INFINITE_RECURSION = YES;
				CLANG_WARN_INT_CONVERSION = YES;
				CLANG_WARN_NON_LITERAL_NULL_CONVERSION = YES;
				CLANG_WARN_OBJC_IMPLICIT_RETAIN_SELF = YES;
				CLANG_WARN_OBJC_LITERAL_CONVERSION = YES;
				CLANG_WARN_OBJC_ROOT_CLASS = YES_ERROR;
				CLANG_WARN_RANGE_LOOP_ANALYSIS = YES;
				CLANG_WARN_STRICT_PROTOTYPES = YES;
				CLANG_WARN_SUSPICIOUS_MOVE = YES;
				CLANG_WARN_UNGUARDED_AVAILABILITY = YES_AGGRESSIVE;
				CLANG_WARN_UNREACHABLE_CODE = YES;
				CLANG_WARN__DUPLICATE_METHOD_MATCH = YES;
				CODE_SIGN_IDENTITY = "iPhone Developer";
				COPY_PHASE_STRIP = NO;
				DEBUG_INFORMATION_FORMAT = dwarf;
				ENABLE_STRICT_OBJC_MSGSEND = YES;
				ENABLE_TESTABILITY = YES;
				GCC_C_LANGUAGE_STANDARD = gnu11;
				GCC_DYNAMIC_NO_PIC = NO;
				GCC_NO_COMMON_BLOCKS = YES;
				GCC_OPTIMIZATION_LEVEL = 0;
				GCC_PREPROCESSOR_DEFINITIONS = (
					"DEBUG=1",
					"$(inherited)",
				);
				GCC_WARN_64_TO_32_BIT_CONVERSION = YES;
				GCC_WARN_ABOUT_RETURN_TYPE = YES_ERROR;
				GCC_WARN_UNDECLARED_SELECTOR = YES;
				GCC_WARN_UNINITIALIZED_AUTOS = YES_AGGRESSIVE;
				GCC_WARN_UNUSED_FUNCTION = YES;
				GCC_WARN_UNUSED_VARIABLE = YES;
				IPHONEOS_DEPLOYMENT_TARGET = 12.0;
				MTL_ENABLE_DEBUG_INFO = INCLUDE_SOURCE;
				MTL_FAST_MATH = YES;
				ONLY_ACTIVE_ARCH = YES;
				SDKROOT = iphoneos;
				SWIFT_ACTIVE_COMPILATION_CONDITIONS = DEBUG;
				SWIFT_OPTIMIZATION_LEVEL = "-Onone";
			};
			name = Debug;
		};
		3878058121777B7C009A3C9C /* Release */ = {
			isa = XCBuildConfiguration;
			buildSettings = {
				ALWAYS_SEARCH_USER_PATHS = NO;
				CLANG_ANALYZER_NONNULL = YES;
				CLANG_ANALYZER_NUMBER_OBJECT_CONVERSION = YES_AGGRESSIVE;
				CLANG_CXX_LANGUAGE_STANDARD = "gnu++14";
				CLANG_CXX_LIBRARY = "libc++";
				CLANG_ENABLE_MODULES = YES;
				CLANG_ENABLE_OBJC_ARC = YES;
				CLANG_ENABLE_OBJC_WEAK = YES;
				CLANG_WARN_BLOCK_CAPTURE_AUTORELEASING = YES;
				CLANG_WARN_BOOL_CONVERSION = YES;
				CLANG_WARN_COMMA = YES;
				CLANG_WARN_CONSTANT_CONVERSION = YES;
				CLANG_WARN_DEPRECATED_OBJC_IMPLEMENTATIONS = YES;
				CLANG_WARN_DIRECT_OBJC_ISA_USAGE = YES_ERROR;
				CLANG_WARN_DOCUMENTATION_COMMENTS = YES;
				CLANG_WARN_EMPTY_BODY = YES;
				CLANG_WARN_ENUM_CONVERSION = YES;
				CLANG_WARN_INFINITE_RECURSION = YES;
				CLANG_WARN_INT_CONVERSION = YES;
				CLANG_WARN_NON_LITERAL_NULL_CONVERSION = YES;
				CLANG_WARN_OBJC_IMPLICIT_RETAIN_SELF = YES;
				CLANG_WARN_OBJC_LITERAL_CONVERSION = YES;
				CLANG_WARN_OBJC_ROOT_CLASS = YES_ERROR;
				CLANG_WARN_RANGE_LOOP_ANALYSIS = YES;
				CLANG_WARN_STRICT_PROTOTYPES = YES;
				CLANG_WARN_SUSPICIOUS_MOVE = YES;
				CLANG_WARN_UNGUARDED_AVAILABILITY = YES_AGGRESSIVE;
				CLANG_WARN_UNREACHABLE_CODE = YES;
				CLANG_WARN__DUPLICATE_METHOD_MATCH = YES;
				CODE_SIGN_IDENTITY = "iPhone Developer";
				COPY_PHASE_STRIP = NO;
				DEBUG_INFORMATION_FORMAT = "dwarf-with-dsym";
				ENABLE_NS_ASSERTIONS = NO;
				ENABLE_STRICT_OBJC_MSGSEND = YES;
				GCC_C_LANGUAGE_STANDARD = gnu11;
				GCC_NO_COMMON_BLOCKS = YES;
				GCC_WARN_64_TO_32_BIT_CONVERSION = YES;
				GCC_WARN_ABOUT_RETURN_TYPE = YES_ERROR;
				GCC_WARN_UNDECLARED_SELECTOR = YES;
				GCC_WARN_UNINITIALIZED_AUTOS = YES_AGGRESSIVE;
				GCC_WARN_UNUSED_FUNCTION = YES;
				GCC_WARN_UNUSED_VARIABLE = YES;
				IPHONEOS_DEPLOYMENT_TARGET = 12.0;
				MTL_ENABLE_DEBUG_INFO = NO;
				MTL_FAST_MATH = YES;
				SDKROOT = iphoneos;
				SWIFT_COMPILATION_MODE = wholemodule;
				SWIFT_OPTIMIZATION_LEVEL = "-O";
				VALIDATE_PRODUCT = YES;
			};
			name = Release;
		};
		3878058321777B7C009A3C9C /* Debug */ = {
			isa = XCBuildConfiguration;
			buildSettings = {
				ASSETCATALOG_COMPILER_APPICON_NAME = AppIcon;
				CODE_SIGN_STYLE = Automatic;
				DEVELOPMENT_TEAM = 56XJY2WYJZ;
				INFOPLIST_FILE = "Example with Ryan/Info.plist";
				LD_RUNPATH_SEARCH_PATHS = (
					"$(inherited)",
					"@executable_path/Frameworks",
				);
				PRODUCT_BUNDLE_IDENTIFIER = "Zawg-s-App.Example-with-Ryan";
				PRODUCT_NAME = "$(TARGET_NAME)";
				SWIFT_VERSION = 4.2;
				TARGETED_DEVICE_FAMILY = "1,2";
			};
			name = Debug;
		};
		3878058421777B7C009A3C9C /* Release */ = {
			isa = XCBuildConfiguration;
			buildSettings = {
				ASSETCATALOG_COMPILER_APPICON_NAME = AppIcon;
				CODE_SIGN_STYLE = Automatic;
				DEVELOPMENT_TEAM = 56XJY2WYJZ;
				INFOPLIST_FILE = "Example with Ryan/Info.plist";
				LD_RUNPATH_SEARCH_PATHS = (
					"$(inherited)",
					"@executable_path/Frameworks",
				);
				PRODUCT_BUNDLE_IDENTIFIER = "Zawg-s-App.Example-with-Ryan";
				PRODUCT_NAME = "$(TARGET_NAME)";
				SWIFT_VERSION = 4.2;
				TARGETED_DEVICE_FAMILY = "1,2";
			};
			name = Release;
		};
		3878058621777B7C009A3C9C /* Debug */ = {
			isa = XCBuildConfiguration;
			buildSettings = {
				ALWAYS_EMBED_SWIFT_STANDARD_LIBRARIES = YES;
				BUNDLE_LOADER = "$(TEST_HOST)";
				CODE_SIGN_STYLE = Automatic;
				DEVELOPMENT_TEAM = 56XJY2WYJZ;
				INFOPLIST_FILE = "Example with RyanTests/Info.plist";
				LD_RUNPATH_SEARCH_PATHS = (
					"$(inherited)",
					"@executable_path/Frameworks",
					"@loader_path/Frameworks",
				);
				PRODUCT_BUNDLE_IDENTIFIER = "Zawg-s-App.Example-with-RyanTests";
				PRODUCT_NAME = "$(TARGET_NAME)";
				SWIFT_VERSION = 4.2;
				TARGETED_DEVICE_FAMILY = "1,2";
				TEST_HOST = "$(BUILT_PRODUCTS_DIR)/Example with Ryan.app/Example with Ryan";
			};
			name = Debug;
		};
		3878058721777B7C009A3C9C /* Release */ = {
			isa = XCBuildConfiguration;
			buildSettings = {
				ALWAYS_EMBED_SWIFT_STANDARD_LIBRARIES = YES;
				BUNDLE_LOADER = "$(TEST_HOST)";
				CODE_SIGN_STYLE = Automatic;
				DEVELOPMENT_TEAM = 56XJY2WYJZ;
				INFOPLIST_FILE = "Example with RyanTests/Info.plist";
				LD_RUNPATH_SEARCH_PATHS = (
					"$(inherited)",
					"@executable_path/Frameworks",
					"@loader_path/Frameworks",
				);
				PRODUCT_BUNDLE_IDENTIFIER = "Zawg-s-App.Example-with-RyanTests";
				PRODUCT_NAME = "$(TARGET_NAME)";
				SWIFT_VERSION = 4.2;
				TARGETED_DEVICE_FAMILY = "1,2";
				TEST_HOST = "$(BUILT_PRODUCTS_DIR)/Example with Ryan.app/Example with Ryan";
			};
			name = Release;
		};
		3878058921777B7C009A3C9C /* Debug */ = {
			isa = XCBuildConfiguration;
			buildSettings = {
				ALWAYS_EMBED_SWIFT_STANDARD_LIBRARIES = YES;
				CODE_SIGN_STYLE = Automatic;
				DEVELOPMENT_TEAM = 56XJY2WYJZ;
				INFOPLIST_FILE = "Example with RyanUITests/Info.plist";
				LD_RUNPATH_SEARCH_PATHS = (
					"$(inherited)",
					"@executable_path/Frameworks",
					"@loader_path/Frameworks",
				);
				PRODUCT_BUNDLE_IDENTIFIER = "Zawg-s-App.Example-with-RyanUITests";
				PRODUCT_NAME = "$(TARGET_NAME)";
				SWIFT_VERSION = 4.2;
				TARGETED_DEVICE_FAMILY = "1,2";
				TEST_TARGET_NAME = "Example with Ryan";
			};
			name = Debug;
		};
		3878058A21777B7C009A3C9C /* Release */ = {
			isa = XCBuildConfiguration;
			buildSettings = {
				ALWAYS_EMBED_SWIFT_STANDARD_LIBRARIES = YES;
				CODE_SIGN_STYLE = Automatic;
				DEVELOPMENT_TEAM = 56XJY2WYJZ;
				INFOPLIST_FILE = "Example with RyanUITests/Info.plist";
				LD_RUNPATH_SEARCH_PATHS = (
					"$(inherited)",
					"@executable_path/Frameworks",
					"@loader_path/Frameworks",
				);
				PRODUCT_BUNDLE_IDENTIFIER = "Zawg-s-App.Example-with-RyanUITests";
				PRODUCT_NAME = "$(TARGET_NAME)";
				SWIFT_VERSION = 4.2;
				TARGETED_DEVICE_FAMILY = "1,2";
				TEST_TARGET_NAME = "Example with Ryan";
			};
			name = Release;
		};
/* End XCBuildConfiguration section */

/* Begin XCConfigurationList section */
		3878055521777B7B009A3C9C /* Build configuration list for PBXProject "Example with Ryan" */ = {
			isa = XCConfigurationList;
			buildConfigurations = (
				3878058021777B7C009A3C9C /* Debug */,
				3878058121777B7C009A3C9C /* Release */,
			);
			defaultConfigurationIsVisible = 0;
			defaultConfigurationName = Release;
		};
		3878058221777B7C009A3C9C /* Build configuration list for PBXNativeTarget "Example with Ryan" */ = {
			isa = XCConfigurationList;
			buildConfigurations = (
				3878058321777B7C009A3C9C /* Debug */,
				3878058421777B7C009A3C9C /* Release */,
			);
			defaultConfigurationIsVisible = 0;
			defaultConfigurationName = Release;
		};
		3878058521777B7C009A3C9C /* Build configuration list for PBXNativeTarget "Example with RyanTests" */ = {
			isa = XCConfigurationList;
			buildConfigurations = (
				3878058621777B7C009A3C9C /* Debug */,
				3878058721777B7C009A3C9C /* Release */,
			);
			defaultConfigurationIsVisible = 0;
			defaultConfigurationName = Release;
		};
		3878058821777B7C009A3C9C /* Build configuration list for PBXNativeTarget "Example with RyanUITests" */ = {
			isa = XCConfigurationList;
			buildConfigurations = (
				3878058921777B7C009A3C9C /* Debug */,
				3878058A21777B7C009A3C9C /* Release */,
			);
			defaultConfigurationIsVisible = 0;
			defaultConfigurationName = Release;
		};
/* End XCConfigurationList section */
	};
	rootObject = 3878055221777B7B009A3C9C /* Project object */;
}
