// !$*UTF8*$!
{
	archiveVersion = 1;
	classes = {
	};
	objectVersion = 50;
	objects = {

/* Begin PBXBuildFile section */
		38D11A3F21874DF1009A33B3 /* AppDelegate.swift in Sources */ = {isa = PBXBuildFile; fileRef = 38D11A3E21874DF1009A33B3 /* AppDelegate.swift */; };
		38D11A4421874DF1009A33B3 /* Main.storyboard in Resources */ = {isa = PBXBuildFile; fileRef = 38D11A4221874DF1009A33B3 /* Main.storyboard */; };
		38D11A4621874DF3009A33B3 /* Assets.xcassets in Resources */ = {isa = PBXBuildFile; fileRef = 38D11A4521874DF3009A33B3 /* Assets.xcassets */; };
		38D11A4921874DF3009A33B3 /* LaunchScreen.storyboard in Resources */ = {isa = PBXBuildFile; fileRef = 38D11A4721874DF3009A33B3 /* LaunchScreen.storyboard */; };
		38D11A5421874DF3009A33B3 /* Table_View_Controller_Example_thingTests.swift in Sources */ = {isa = PBXBuildFile; fileRef = 38D11A5321874DF3009A33B3 /* Table_View_Controller_Example_thingTests.swift */; };
		38D11A5F21874DF3009A33B3 /* Table_View_Controller_Example_thingUITests.swift in Sources */ = {isa = PBXBuildFile; fileRef = 38D11A5E21874DF3009A33B3 /* Table_View_Controller_Example_thingUITests.swift */; };
		38D11A6D21874E3F009A33B3 /* EmojiTableViewController.swift in Sources */ = {isa = PBXBuildFile; fileRef = 38D11A6C21874E3F009A33B3 /* EmojiTableViewController.swift */; };
		38D11A6F21874E61009A33B3 /* Emoji.swift in Sources */ = {isa = PBXBuildFile; fileRef = 38D11A6E21874E61009A33B3 /* Emoji.swift */; };
/* End PBXBuildFile section */

/* Begin PBXContainerItemProxy section */
		38D11A5021874DF3009A33B3 /* PBXContainerItemProxy */ = {
			isa = PBXContainerItemProxy;
			containerPortal = 38D11A3321874DF1009A33B3 /* Project object */;
			proxyType = 1;
			remoteGlobalIDString = 38D11A3A21874DF1009A33B3;
			remoteInfo = "Table View Controller Example thing";
		};
		38D11A5B21874DF3009A33B3 /* PBXContainerItemProxy */ = {
			isa = PBXContainerItemProxy;
			containerPortal = 38D11A3321874DF1009A33B3 /* Project object */;
			proxyType = 1;
			remoteGlobalIDString = 38D11A3A21874DF1009A33B3;
			remoteInfo = "Table View Controller Example thing";
		};
/* End PBXContainerItemProxy section */

/* Begin PBXFileReference section */
		38D11A3B21874DF1009A33B3 /* Table View Controller Example thing.app */ = {isa = PBXFileReference; explicitFileType = wrapper.application; includeInIndex = 0; path = "Table View Controller Example thing.app"; sourceTree = BUILT_PRODUCTS_DIR; };
		38D11A3E21874DF1009A33B3 /* AppDelegate.swift */ = {isa = PBXFileReference; lastKnownFileType = sourcecode.swift; path = AppDelegate.swift; sourceTree = "<group>"; };
		38D11A4321874DF1009A33B3 /* Base */ = {isa = PBXFileReference; lastKnownFileType = file.storyboard; name = Base; path = Base.lproj/Main.storyboard; sourceTree = "<group>"; };
		38D11A4521874DF3009A33B3 /* Assets.xcassets */ = {isa = PBXFileReference; lastKnownFileType = folder.assetcatalog; path = Assets.xcassets; sourceTree = "<group>"; };
		38D11A4821874DF3009A33B3 /* Base */ = {isa = PBXFileReference; lastKnownFileType = file.storyboard; name = Base; path = Base.lproj/LaunchScreen.storyboard; sourceTree = "<group>"; };
		38D11A4A21874DF3009A33B3 /* Info.plist */ = {isa = PBXFileReference; lastKnownFileType = text.plist.xml; path = Info.plist; sourceTree = "<group>"; };
		38D11A4F21874DF3009A33B3 /* Table View Controller Example thingTests.xctest */ = {isa = PBXFileReference; explicitFileType = wrapper.cfbundle; includeInIndex = 0; path = "Table View Controller Example thingTests.xctest"; sourceTree = BUILT_PRODUCTS_DIR; };
		38D11A5321874DF3009A33B3 /* Table_View_Controller_Example_thingTests.swift */ = {isa = PBXFileReference; lastKnownFileType = sourcecode.swift; path = Table_View_Controller_Example_thingTests.swift; sourceTree = "<group>"; };
		38D11A5521874DF3009A33B3 /* Info.plist */ = {isa = PBXFileReference; lastKnownFileType = text.plist.xml; path = Info.plist; sourceTree = "<group>"; };
		38D11A5A21874DF3009A33B3 /* Table View Controller Example thingUITests.xctest */ = {isa = PBXFileReference; explicitFileType = wrapper.cfbundle; includeInIndex = 0; path = "Table View Controller Example thingUITests.xctest"; sourceTree = BUILT_PRODUCTS_DIR; };
		38D11A5E21874DF3009A33B3 /* Table_View_Controller_Example_thingUITests.swift */ = {isa = PBXFileReference; lastKnownFileType = sourcecode.swift; path = Table_View_Controller_Example_thingUITests.swift; sourceTree = "<group>"; };
		38D11A6021874DF3009A33B3 /* Info.plist */ = {isa = PBXFileReference; lastKnownFileType = text.plist.xml; path = Info.plist; sourceTree = "<group>"; };
		38D11A6C21874E3F009A33B3 /* EmojiTableViewController.swift */ = {isa = PBXFileReference; lastKnownFileType = sourcecode.swift; path = EmojiTableViewController.swift; sourceTree = "<group>"; };
		38D11A6E21874E61009A33B3 /* Emoji.swift */ = {isa = PBXFileReference; lastKnownFileType = sourcecode.swift; path = Emoji.swift; sourceTree = "<group>"; };
/* End PBXFileReference section */

/* Begin PBXFrameworksBuildPhase section */
		38D11A3821874DF1009A33B3 /* Frameworks */ = {
			isa = PBXFrameworksBuildPhase;
			buildActionMask = 2147483647;
			files = (
			);
			runOnlyForDeploymentPostprocessing = 0;
		};
		38D11A4C21874DF3009A33B3 /* Frameworks */ = {
			isa = PBXFrameworksBuildPhase;
			buildActionMask = 2147483647;
			files = (
			);
			runOnlyForDeploymentPostprocessing = 0;
		};
		38D11A5721874DF3009A33B3 /* Frameworks */ = {
			isa = PBXFrameworksBuildPhase;
			buildActionMask = 2147483647;
			files = (
			);
			runOnlyForDeploymentPostprocessing = 0;
		};
/* End PBXFrameworksBuildPhase section */

/* Begin PBXGroup section */
		38D11A3221874DF1009A33B3 = {
			isa = PBXGroup;
			children = (
				38D11A3D21874DF1009A33B3 /* Table View Controller Example thing */,
				38D11A5221874DF3009A33B3 /* Table View Controller Example thingTests */,
				38D11A5D21874DF3009A33B3 /* Table View Controller Example thingUITests */,
				38D11A3C21874DF1009A33B3 /* Products */,
			);
			sourceTree = "<group>";
		};
		38D11A3C21874DF1009A33B3 /* Products */ = {
			isa = PBXGroup;
			children = (
				38D11A3B21874DF1009A33B3 /* Table View Controller Example thing.app */,
				38D11A4F21874DF3009A33B3 /* Table View Controller Example thingTests.xctest */,
				38D11A5A21874DF3009A33B3 /* Table View Controller Example thingUITests.xctest */,
			);
			name = Products;
			sourceTree = "<group>";
		};
		38D11A3D21874DF1009A33B3 /* Table View Controller Example thing */ = {
			isa = PBXGroup;
			children = (
				38D11A3E21874DF1009A33B3 /* AppDelegate.swift */,
				38D11A4221874DF1009A33B3 /* Main.storyboard */,
				38D11A7021874E85009A33B3 /* Controller */,
				38D11A7121874E90009A33B3 /* Model */,
				38D11A4521874DF3009A33B3 /* Assets.xcassets */,
				38D11A4721874DF3009A33B3 /* LaunchScreen.storyboard */,
				38D11A4A21874DF3009A33B3 /* Info.plist */,
			);
			path = "Table View Controller Example thing";
			sourceTree = "<group>";
		};
		38D11A5221874DF3009A33B3 /* Table View Controller Example thingTests */ = {
			isa = PBXGroup;
			children = (
				38D11A5321874DF3009A33B3 /* Table_View_Controller_Example_thingTests.swift */,
				38D11A5521874DF3009A33B3 /* Info.plist */,
			);
			path = "Table View Controller Example thingTests";
			sourceTree = "<group>";
		};
		38D11A5D21874DF3009A33B3 /* Table View Controller Example thingUITests */ = {
			isa = PBXGroup;
			children = (
				38D11A5E21874DF3009A33B3 /* Table_View_Controller_Example_thingUITests.swift */,
				38D11A6021874DF3009A33B3 /* Info.plist */,
			);
			path = "Table View Controller Example thingUITests";
			sourceTree = "<group>";
		};
		38D11A7021874E85009A33B3 /* Controller */ = {
			isa = PBXGroup;
			children = (
				38D11A6C21874E3F009A33B3 /* EmojiTableViewController.swift */,
			);
			path = Controller;
			sourceTree = "<group>";
		};
		38D11A7121874E90009A33B3 /* Model */ = {
			isa = PBXGroup;
			children = (
				38D11A6E21874E61009A33B3 /* Emoji.swift */,
			);
			path = Model;
			sourceTree = "<group>";
		};
/* End PBXGroup section */

/* Begin PBXNativeTarget section */
		38D11A3A21874DF1009A33B3 /* Table View Controller Example thing */ = {
			isa = PBXNativeTarget;
			buildConfigurationList = 38D11A6321874DF3009A33B3 /* Build configuration list for PBXNativeTarget "Table View Controller Example thing" */;
			buildPhases = (
				38D11A3721874DF1009A33B3 /* Sources */,
				38D11A3821874DF1009A33B3 /* Frameworks */,
				38D11A3921874DF1009A33B3 /* Resources */,
			);
			buildRules = (
			);
			dependencies = (
			);
			name = "Table View Controller Example thing";
			productName = "Table View Controller Example thing";
			productReference = 38D11A3B21874DF1009A33B3 /* Table View Controller Example thing.app */;
			productType = "com.apple.product-type.application";
		};
		38D11A4E21874DF3009A33B3 /* Table View Controller Example thingTests */ = {
			isa = PBXNativeTarget;
			buildConfigurationList = 38D11A6621874DF3009A33B3 /* Build configuration list for PBXNativeTarget "Table View Controller Example thingTests" */;
			buildPhases = (
				38D11A4B21874DF3009A33B3 /* Sources */,
				38D11A4C21874DF3009A33B3 /* Frameworks */,
				38D11A4D21874DF3009A33B3 /* Resources */,
			);
			buildRules = (
			);
			dependencies = (
				38D11A5121874DF3009A33B3 /* PBXTargetDependency */,
			);
			name = "Table View Controller Example thingTests";
			productName = "Table View Controller Example thingTests";
			productReference = 38D11A4F21874DF3009A33B3 /* Table View Controller Example thingTests.xctest */;
			productType = "com.apple.product-type.bundle.unit-test";
		};
		38D11A5921874DF3009A33B3 /* Table View Controller Example thingUITests */ = {
			isa = PBXNativeTarget;
			buildConfigurationList = 38D11A6921874DF3009A33B3 /* Build configuration list for PBXNativeTarget "Table View Controller Example thingUITests" */;
			buildPhases = (
				38D11A5621874DF3009A33B3 /* Sources */,
				38D11A5721874DF3009A33B3 /* Frameworks */,
				38D11A5821874DF3009A33B3 /* Resources */,
			);
			buildRules = (
			);
			dependencies = (
				38D11A5C21874DF3009A33B3 /* PBXTargetDependency */,
			);
			name = "Table View Controller Example thingUITests";
			productName = "Table View Controller Example thingUITests";
			productReference = 38D11A5A21874DF3009A33B3 /* Table View Controller Example thingUITests.xctest */;
			productType = "com.apple.product-type.bundle.ui-testing";
		};
/* End PBXNativeTarget section */

/* Begin PBXProject section */
		38D11A3321874DF1009A33B3 /* Project object */ = {
			isa = PBXProject;
			attributes = {
				LastSwiftUpdateCheck = 1000;
				LastUpgradeCheck = 1000;
				ORGANIZATIONNAME = "Justin Herzog";
				TargetAttributes = {
					38D11A3A21874DF1009A33B3 = {
						CreatedOnToolsVersion = 10.0;
					};
					38D11A4E21874DF3009A33B3 = {
						CreatedOnToolsVersion = 10.0;
						TestTargetID = 38D11A3A21874DF1009A33B3;
					};
					38D11A5921874DF3009A33B3 = {
						CreatedOnToolsVersion = 10.0;
						TestTargetID = 38D11A3A21874DF1009A33B3;
					};
				};
			};
			buildConfigurationList = 38D11A3621874DF1009A33B3 /* Build configuration list for PBXProject "Table View Controller Example thing" */;
			compatibilityVersion = "Xcode 9.3";
			developmentRegion = en;
			hasScannedForEncodings = 0;
			knownRegions = (
				en,
				Base,
			);
			mainGroup = 38D11A3221874DF1009A33B3;
			productRefGroup = 38D11A3C21874DF1009A33B3 /* Products */;
			projectDirPath = "";
			projectRoot = "";
			targets = (
				38D11A3A21874DF1009A33B3 /* Table View Controller Example thing */,
				38D11A4E21874DF3009A33B3 /* Table View Controller Example thingTests */,
				38D11A5921874DF3009A33B3 /* Table View Controller Example thingUITests */,
			);
		};
/* End PBXProject section */

/* Begin PBXResourcesBuildPhase section */
		38D11A3921874DF1009A33B3 /* Resources */ = {
			isa = PBXResourcesBuildPhase;
			buildActionMask = 2147483647;
			files = (
				38D11A4921874DF3009A33B3 /* LaunchScreen.storyboard in Resources */,
				38D11A4621874DF3009A33B3 /* Assets.xcassets in Resources */,
				38D11A4421874DF1009A33B3 /* Main.storyboard in Resources */,
			);
			runOnlyForDeploymentPostprocessing = 0;
		};
		38D11A4D21874DF3009A33B3 /* Resources */ = {
			isa = PBXResourcesBuildPhase;
			buildActionMask = 2147483647;
			files = (
			);
			runOnlyForDeploymentPostprocessing = 0;
		};
		38D11A5821874DF3009A33B3 /* Resources */ = {
			isa = PBXResourcesBuildPhase;
			buildActionMask = 2147483647;
			files = (
			);
			runOnlyForDeploymentPostprocessing = 0;
		};
/* End PBXResourcesBuildPhase section */

/* Begin PBXSourcesBuildPhase section */
		38D11A3721874DF1009A33B3 /* Sources */ = {
			isa = PBXSourcesBuildPhase;
			buildActionMask = 2147483647;
			files = (
				38D11A6F21874E61009A33B3 /* Emoji.swift in Sources */,
				38D11A6D21874E3F009A33B3 /* EmojiTableViewController.swift in Sources */,
				38D11A3F21874DF1009A33B3 /* AppDelegate.swift in Sources */,
			);
			runOnlyForDeploymentPostprocessing = 0;
		};
		38D11A4B21874DF3009A33B3 /* Sources */ = {
			isa = PBXSourcesBuildPhase;
			buildActionMask = 2147483647;
			files = (
				38D11A5421874DF3009A33B3 /* Table_View_Controller_Example_thingTests.swift in Sources */,
			);
			runOnlyForDeploymentPostprocessing = 0;
		};
		38D11A5621874DF3009A33B3 /* Sources */ = {
			isa = PBXSourcesBuildPhase;
			buildActionMask = 2147483647;
			files = (
				38D11A5F21874DF3009A33B3 /* Table_View_Controller_Example_thingUITests.swift in Sources */,
			);
			runOnlyForDeploymentPostprocessing = 0;
		};
/* End PBXSourcesBuildPhase section */

/* Begin PBXTargetDependency section */
		38D11A5121874DF3009A33B3 /* PBXTargetDependency */ = {
			isa = PBXTargetDependency;
			target = 38D11A3A21874DF1009A33B3 /* Table View Controller Example thing */;
			targetProxy = 38D11A5021874DF3009A33B3 /* PBXContainerItemProxy */;
		};
		38D11A5C21874DF3009A33B3 /* PBXTargetDependency */ = {
			isa = PBXTargetDependency;
			target = 38D11A3A21874DF1009A33B3 /* Table View Controller Example thing */;
			targetProxy = 38D11A5B21874DF3009A33B3 /* PBXContainerItemProxy */;
		};
/* End PBXTargetDependency section */

/* Begin PBXVariantGroup section */
		38D11A4221874DF1009A33B3 /* Main.storyboard */ = {
			isa = PBXVariantGroup;
			children = (
				38D11A4321874DF1009A33B3 /* Base */,
			);
			name = Main.storyboard;
			sourceTree = "<group>";
		};
		38D11A4721874DF3009A33B3 /* LaunchScreen.storyboard */ = {
			isa = PBXVariantGroup;
			children = (
				38D11A4821874DF3009A33B3 /* Base */,
			);
			name = LaunchScreen.storyboard;
			sourceTree = "<group>";
		};
/* End PBXVariantGroup section */

/* Begin XCBuildConfiguration section */
		38D11A6121874DF3009A33B3 /* Debug */ = {
			isa = XCBuildConfiguration;
			buildSettings = {
				ALWAYS_SEARCH_USER_PATHS = NO;
				CLANG_ANALYZER_NONNULL = YES;
				CLANG_ANALYZER_NUMBER_OBJECT_CONVERSION = YES_AGGRESSIVE;
				CLANG_CXX_LANGUAGE_STANDARD = "gnu++14";
				CLANG_CXX_LIBRARY = "libc++";
				CLANG_ENABLE_MODULES = YES;
				CLANG_ENABLE_OBJC_ARC = YES;
				CLANG_ENABLE_OBJC_WEAK = YES;
				CLANG_WARN_BLOCK_CAPTURE_AUTORELEASING = YES;
				CLANG_WARN_BOOL_CONVERSION = YES;
				CLANG_WARN_COMMA = YES;
				CLANG_WARN_CONSTANT_CONVERSION = YES;
				CLANG_WARN_DEPRECATED_OBJC_IMPLEMENTATIONS = YES;
				CLANG_WARN_DIRECT_OBJC_ISA_USAGE = YES_ERROR;
				CLANG_WARN_DOCUMENTATION_COMMENTS = YES;
				CLANG_WARN_EMPTY_BODY = YES;
				CLANG_WARN_ENUM_CONVERSION = YES;
				CLANG_WARN_INFINITE_RECURSION = YES;
				CLANG_WARN_INT_CONVERSION = YES;
				CLANG_WARN_NON_LITERAL_NULL_CONVERSION = YES;
				CLANG_WARN_OBJC_IMPLICIT_RETAIN_SELF = YES;
				CLANG_WARN_OBJC_LITERAL_CONVERSION = YES;
				CLANG_WARN_OBJC_ROOT_CLASS = YES_ERROR;
				CLANG_WARN_RANGE_LOOP_ANALYSIS = YES;
				CLANG_WARN_STRICT_PROTOTYPES = YES;
				CLANG_WARN_SUSPICIOUS_MOVE = YES;
				CLANG_WARN_UNGUARDED_AVAILABILITY = YES_AGGRESSIVE;
				CLANG_WARN_UNREACHABLE_CODE = YES;
				CLANG_WARN__DUPLICATE_METHOD_MATCH = YES;
				CODE_SIGN_IDENTITY = "iPhone Developer";
				COPY_PHASE_STRIP = NO;
				DEBUG_INFORMATION_FORMAT = dwarf;
				ENABLE_STRICT_OBJC_MSGSEND = YES;
				ENABLE_TESTABILITY = YES;
				GCC_C_LANGUAGE_STANDARD = gnu11;
				GCC_DYNAMIC_NO_PIC = NO;
				GCC_NO_COMMON_BLOCKS = YES;
				GCC_OPTIMIZATION_LEVEL = 0;
				GCC_PREPROCESSOR_DEFINITIONS = (
					"DEBUG=1",
					"$(inherited)",
				);
				GCC_WARN_64_TO_32_BIT_CONVERSION = YES;
				GCC_WARN_ABOUT_RETURN_TYPE = YES_ERROR;
				GCC_WARN_UNDECLARED_SELECTOR = YES;
				GCC_WARN_UNINITIALIZED_AUTOS = YES_AGGRESSIVE;
				GCC_WARN_UNUSED_FUNCTION = YES;
				GCC_WARN_UNUSED_VARIABLE = YES;
				IPHONEOS_DEPLOYMENT_TARGET = 12.0;
				MTL_ENABLE_DEBUG_INFO = INCLUDE_SOURCE;
				MTL_FAST_MATH = YES;
				ONLY_ACTIVE_ARCH = YES;
				SDKROOT = iphoneos;
				SWIFT_ACTIVE_COMPILATION_CONDITIONS = DEBUG;
				SWIFT_OPTIMIZATION_LEVEL = "-Onone";
			};
			name = Debug;
		};
		38D11A6221874DF3009A33B3 /* Release */ = {
			isa = XCBuildConfiguration;
			buildSettings = {
				ALWAYS_SEARCH_USER_PATHS = NO;
				CLANG_ANALYZER_NONNULL = YES;
				CLANG_ANALYZER_NUMBER_OBJECT_CONVERSION = YES_AGGRESSIVE;
				CLANG_CXX_LANGUAGE_STANDARD = "gnu++14";
				CLANG_CXX_LIBRARY = "libc++";
				CLANG_ENABLE_MODULES = YES;
				CLANG_ENABLE_OBJC_ARC = YES;
				CLANG_ENABLE_OBJC_WEAK = YES;
				CLANG_WARN_BLOCK_CAPTURE_AUTORELEASING = YES;
				CLANG_WARN_BOOL_CONVERSION = YES;
				CLANG_WARN_COMMA = YES;
				CLANG_WARN_CONSTANT_CONVERSION = YES;
				CLANG_WARN_DEPRECATED_OBJC_IMPLEMENTATIONS = YES;
				CLANG_WARN_DIRECT_OBJC_ISA_USAGE = YES_ERROR;
				CLANG_WARN_DOCUMENTATION_COMMENTS = YES;
				CLANG_WARN_EMPTY_BODY = YES;
				CLANG_WARN_ENUM_CONVERSION = YES;
				CLANG_WARN_INFINITE_RECURSION = YES;
				CLANG_WARN_INT_CONVERSION = YES;
				CLANG_WARN_NON_LITERAL_NULL_CONVERSION = YES;
				CLANG_WARN_OBJC_IMPLICIT_RETAIN_SELF = YES;
				CLANG_WARN_OBJC_LITERAL_CONVERSION = YES;
				CLANG_WARN_OBJC_ROOT_CLASS = YES_ERROR;
				CLANG_WARN_RANGE_LOOP_ANALYSIS = YES;
				CLANG_WARN_STRICT_PROTOTYPES = YES;
				CLANG_WARN_SUSPICIOUS_MOVE = YES;
				CLANG_WARN_UNGUARDED_AVAILABILITY = YES_AGGRESSIVE;
				CLANG_WARN_UNREACHABLE_CODE = YES;
				CLANG_WARN__DUPLICATE_METHOD_MATCH = YES;
				CODE_SIGN_IDENTITY = "iPhone Developer";
				COPY_PHASE_STRIP = NO;
				DEBUG_INFORMATION_FORMAT = "dwarf-with-dsym";
				ENABLE_NS_ASSERTIONS = NO;
				ENABLE_STRICT_OBJC_MSGSEND = YES;
				GCC_C_LANGUAGE_STANDARD = gnu11;
				GCC_NO_COMMON_BLOCKS = YES;
				GCC_WARN_64_TO_32_BIT_CONVERSION = YES;
				GCC_WARN_ABOUT_RETURN_TYPE = YES_ERROR;
				GCC_WARN_UNDECLARED_SELECTOR = YES;
				GCC_WARN_UNINITIALIZED_AUTOS = YES_AGGRESSIVE;
				GCC_WARN_UNUSED_FUNCTION = YES;
				GCC_WARN_UNUSED_VARIABLE = YES;
				IPHONEOS_DEPLOYMENT_TARGET = 12.0;
				MTL_ENABLE_DEBUG_INFO = NO;
				MTL_FAST_MATH = YES;
				SDKROOT = iphoneos;
				SWIFT_COMPILATION_MODE = wholemodule;
				SWIFT_OPTIMIZATION_LEVEL = "-O";
				VALIDATE_PRODUCT = YES;
			};
			name = Release;
		};
		38D11A6421874DF3009A33B3 /* Debug */ = {
			isa = XCBuildConfiguration;
			buildSettings = {
				ASSETCATALOG_COMPILER_APPICON_NAME = AppIcon;
				CODE_SIGN_STYLE = Automatic;
				DEVELOPMENT_TEAM = 56XJY2WYJZ;
				INFOPLIST_FILE = "Table View Controller Example thing/Info.plist";
				LD_RUNPATH_SEARCH_PATHS = (
					"$(inherited)",
					"@executable_path/Frameworks",
				);
				PRODUCT_BUNDLE_IDENTIFIER = "Zawg-s-App.Table-View-Controller-Example-thing";
				PRODUCT_NAME = "$(TARGET_NAME)";
				SWIFT_VERSION = 4.2;
				TARGETED_DEVICE_FAMILY = "1,2";
			};
			name = Debug;
		};
		38D11A6521874DF3009A33B3 /* Release */ = {
			isa = XCBuildConfiguration;
			buildSettings = {
				ASSETCATALOG_COMPILER_APPICON_NAME = AppIcon;
				CODE_SIGN_STYLE = Automatic;
				DEVELOPMENT_TEAM = 56XJY2WYJZ;
				INFOPLIST_FILE = "Table View Controller Example thing/Info.plist";
				LD_RUNPATH_SEARCH_PATHS = (
					"$(inherited)",
					"@executable_path/Frameworks",
				);
				PRODUCT_BUNDLE_IDENTIFIER = "Zawg-s-App.Table-View-Controller-Example-thing";
				PRODUCT_NAME = "$(TARGET_NAME)";
				SWIFT_VERSION = 4.2;
				TARGETED_DEVICE_FAMILY = "1,2";
			};
			name = Release;
		};
		38D11A6721874DF3009A33B3 /* Debug */ = {
			isa = XCBuildConfiguration;
			buildSettings = {
				ALWAYS_EMBED_SWIFT_STANDARD_LIBRARIES = YES;
				BUNDLE_LOADER = "$(TEST_HOST)";
				CODE_SIGN_STYLE = Automatic;
				DEVELOPMENT_TEAM = 56XJY2WYJZ;
				INFOPLIST_FILE = "Table View Controller Example thingTests/Info.plist";
				LD_RUNPATH_SEARCH_PATHS = (
					"$(inherited)",
					"@executable_path/Frameworks",
					"@loader_path/Frameworks",
				);
				PRODUCT_BUNDLE_IDENTIFIER = "Zawg-s-App.Table-View-Controller-Example-thingTests";
				PRODUCT_NAME = "$(TARGET_NAME)";
				SWIFT_VERSION = 4.2;
				TARGETED_DEVICE_FAMILY = "1,2";
				TEST_HOST = "$(BUILT_PRODUCTS_DIR)/Table View Controller Example thing.app/Table View Controller Example thing";
			};
			name = Debug;
		};
		38D11A6821874DF3009A33B3 /* Release */ = {
			isa = XCBuildConfiguration;
			buildSettings = {
				ALWAYS_EMBED_SWIFT_STANDARD_LIBRARIES = YES;
				BUNDLE_LOADER = "$(TEST_HOST)";
				CODE_SIGN_STYLE = Automatic;
				DEVELOPMENT_TEAM = 56XJY2WYJZ;
				INFOPLIST_FILE = "Table View Controller Example thingTests/Info.plist";
				LD_RUNPATH_SEARCH_PATHS = (
					"$(inherited)",
					"@executable_path/Frameworks",
					"@loader_path/Frameworks",
				);
				PRODUCT_BUNDLE_IDENTIFIER = "Zawg-s-App.Table-View-Controller-Example-thingTests";
				PRODUCT_NAME = "$(TARGET_NAME)";
				SWIFT_VERSION = 4.2;
				TARGETED_DEVICE_FAMILY = "1,2";
				TEST_HOST = "$(BUILT_PRODUCTS_DIR)/Table View Controller Example thing.app/Table View Controller Example thing";
			};
			name = Release;
		};
		38D11A6A21874DF3009A33B3 /* Debug */ = {
			isa = XCBuildConfiguration;
			buildSettings = {
				ALWAYS_EMBED_SWIFT_STANDARD_LIBRARIES = YES;
				CODE_SIGN_STYLE = Automatic;
				DEVELOPMENT_TEAM = 56XJY2WYJZ;
				INFOPLIST_FILE = "Table View Controller Example thingUITests/Info.plist";
				LD_RUNPATH_SEARCH_PATHS = (
					"$(inherited)",
					"@executable_path/Frameworks",
					"@loader_path/Frameworks",
				);
				PRODUCT_BUNDLE_IDENTIFIER = "Zawg-s-App.Table-View-Controller-Example-thingUITests";
				PRODUCT_NAME = "$(TARGET_NAME)";
				SWIFT_VERSION = 4.2;
				TARGETED_DEVICE_FAMILY = "1,2";
				TEST_TARGET_NAME = "Table View Controller Example thing";
			};
			name = Debug;
		};
		38D11A6B21874DF3009A33B3 /* Release */ = {
			isa = XCBuildConfiguration;
			buildSettings = {
				ALWAYS_EMBED_SWIFT_STANDARD_LIBRARIES = YES;
				CODE_SIGN_STYLE = Automatic;
				DEVELOPMENT_TEAM = 56XJY2WYJZ;
				INFOPLIST_FILE = "Table View Controller Example thingUITests/Info.plist";
				LD_RUNPATH_SEARCH_PATHS = (
					"$(inherited)",
					"@executable_path/Frameworks",
					"@loader_path/Frameworks",
				);
				PRODUCT_BUNDLE_IDENTIFIER = "Zawg-s-App.Table-View-Controller-Example-thingUITests";
				PRODUCT_NAME = "$(TARGET_NAME)";
				SWIFT_VERSION = 4.2;
				TARGETED_DEVICE_FAMILY = "1,2";
				TEST_TARGET_NAME = "Table View Controller Example thing";
			};
			name = Release;
		};
/* End XCBuildConfiguration section */

/* Begin XCConfigurationList section */
		38D11A3621874DF1009A33B3 /* Build configuration list for PBXProject "Table View Controller Example thing" */ = {
			isa = XCConfigurationList;
			buildConfigurations = (
				38D11A6121874DF3009A33B3 /* Debug */,
				38D11A6221874DF3009A33B3 /* Release */,
			);
			defaultConfigurationIsVisible = 0;
			defaultConfigurationName = Release;
		};
		38D11A6321874DF3009A33B3 /* Build configuration list for PBXNativeTarget "Table View Controller Example thing" */ = {
			isa = XCConfigurationList;
			buildConfigurations = (
				38D11A6421874DF3009A33B3 /* Debug */,
				38D11A6521874DF3009A33B3 /* Release */,
			);
			defaultConfigurationIsVisible = 0;
			defaultConfigurationName = Release;
		};
		38D11A6621874DF3009A33B3 /* Build configuration list for PBXNativeTarget "Table View Controller Example thingTests" */ = {
			isa = XCConfigurationList;
			buildConfigurations = (
				38D11A6721874DF3009A33B3 /* Debug */,
				38D11A6821874DF3009A33B3 /* Release */,
			);
			defaultConfigurationIsVisible = 0;
			defaultConfigurationName = Release;
		};
		38D11A6921874DF3009A33B3 /* Build configuration list for PBXNativeTarget "Table View Controller Example thingUITests" */ = {
			isa = XCConfigurationList;
			buildConfigurations = (
				38D11A6A21874DF3009A33B3 /* Debug */,
				38D11A6B21874DF3009A33B3 /* Release */,
			);
			defaultConfigurationIsVisible = 0;
			defaultConfigurationName = Release;
		};
/* End XCConfigurationList section */
	};
	rootObject = 38D11A3321874DF1009A33B3 /* Project object */;
}
