// !$*UTF8*$!
{
	archiveVersion = 1;
	classes = {
	};
	objectVersion = 50;
	objects = {

/* Begin PBXBuildFile section */
		3878059821778A2C009A3C9C /* AppDelegate.swift in Sources */ = {isa = PBXBuildFile; fileRef = 3878059721778A2C009A3C9C /* AppDelegate.swift */; };
		3878059A21778A2C009A3C9C /* ViewController.swift in Sources */ = {isa = PBXBuildFile; fileRef = 3878059921778A2C009A3C9C /* ViewController.swift */; };
		3878059D21778A2C009A3C9C /* Main.storyboard in Resources */ = {isa = PBXBuildFile; fileRef = 3878059B21778A2C009A3C9C /* Main.storyboard */; };
		3878059F21778A2D009A3C9C /* Assets.xcassets in Resources */ = {isa = PBXBuildFile; fileRef = 3878059E21778A2D009A3C9C /* Assets.xcassets */; };
		387805A221778A2D009A3C9C /* LaunchScreen.storyboard in Resources */ = {isa = PBXBuildFile; fileRef = 387805A021778A2D009A3C9C /* LaunchScreen.storyboard */; };
		387805AD21778A2D009A3C9C /* PersonalityQuizTests.swift in Sources */ = {isa = PBXBuildFile; fileRef = 387805AC21778A2D009A3C9C /* PersonalityQuizTests.swift */; };
		387805B821778A2D009A3C9C /* PersonalityQuizUITests.swift in Sources */ = {isa = PBXBuildFile; fileRef = 387805B721778A2D009A3C9C /* PersonalityQuizUITests.swift */; };
		387805C621778E9C009A3C9C /* QuestionViewController.swift in Sources */ = {isa = PBXBuildFile; fileRef = 387805C521778E9C009A3C9C /* QuestionViewController.swift */; };
		387805C821778EA9009A3C9C /* ResultsViewController.swift in Sources */ = {isa = PBXBuildFile; fileRef = 387805C721778EA9009A3C9C /* ResultsViewController.swift */; };
/* End PBXBuildFile section */

/* Begin PBXContainerItemProxy section */
		387805A921778A2D009A3C9C /* PBXContainerItemProxy */ = {
			isa = PBXContainerItemProxy;
			containerPortal = 3878058C21778A2C009A3C9C /* Project object */;
			proxyType = 1;
			remoteGlobalIDString = 3878059321778A2C009A3C9C;
			remoteInfo = PersonalityQuiz;
		};
		387805B421778A2D009A3C9C /* PBXContainerItemProxy */ = {
			isa = PBXContainerItemProxy;
			containerPortal = 3878058C21778A2C009A3C9C /* Project object */;
			proxyType = 1;
			remoteGlobalIDString = 3878059321778A2C009A3C9C;
			remoteInfo = PersonalityQuiz;
		};
/* End PBXContainerItemProxy section */

/* Begin PBXFileReference section */
		3878059421778A2C009A3C9C /* PersonalityQuiz.app */ = {isa = PBXFileReference; explicitFileType = wrapper.application; includeInIndex = 0; path = PersonalityQuiz.app; sourceTree = BUILT_PRODUCTS_DIR; };
		3878059721778A2C009A3C9C /* AppDelegate.swift */ = {isa = PBXFileReference; lastKnownFileType = sourcecode.swift; path = AppDelegate.swift; sourceTree = "<group>"; };
		3878059921778A2C009A3C9C /* ViewController.swift */ = {isa = PBXFileReference; lastKnownFileType = sourcecode.swift; path = ViewController.swift; sourceTree = "<group>"; };
		3878059C21778A2C009A3C9C /* Base */ = {isa = PBXFileReference; lastKnownFileType = file.storyboard; name = Base; path = Base.lproj/Main.storyboard; sourceTree = "<group>"; };
		3878059E21778A2D009A3C9C /* Assets.xcassets */ = {isa = PBXFileReference; lastKnownFileType = folder.assetcatalog; path = Assets.xcassets; sourceTree = "<group>"; };
		387805A121778A2D009A3C9C /* Base */ = {isa = PBXFileReference; lastKnownFileType = file.storyboard; name = Base; path = Base.lproj/LaunchScreen.storyboard; sourceTree = "<group>"; };
		387805A321778A2D009A3C9C /* Info.plist */ = {isa = PBXFileReference; lastKnownFileType = text.plist.xml; path = Info.plist; sourceTree = "<group>"; };
		387805A821778A2D009A3C9C /* PersonalityQuizTests.xctest */ = {isa = PBXFileReference; explicitFileType = wrapper.cfbundle; includeInIndex = 0; path = PersonalityQuizTests.xctest; sourceTree = BUILT_PRODUCTS_DIR; };
		387805AC21778A2D009A3C9C /* PersonalityQuizTests.swift */ = {isa = PBXFileReference; lastKnownFileType = sourcecode.swift; path = PersonalityQuizTests.swift; sourceTree = "<group>"; };
		387805AE21778A2D009A3C9C /* Info.plist */ = {isa = PBXFileReference; lastKnownFileType = text.plist.xml; path = Info.plist; sourceTree = "<group>"; };
		387805B321778A2D009A3C9C /* PersonalityQuizUITests.xctest */ = {isa = PBXFileReference; explicitFileType = wrapper.cfbundle; includeInIndex = 0; path = PersonalityQuizUITests.xctest; sourceTree = BUILT_PRODUCTS_DIR; };
		387805B721778A2D009A3C9C /* PersonalityQuizUITests.swift */ = {isa = PBXFileReference; lastKnownFileType = sourcecode.swift; path = PersonalityQuizUITests.swift; sourceTree = "<group>"; };
		387805B921778A2D009A3C9C /* Info.plist */ = {isa = PBXFileReference; lastKnownFileType = text.plist.xml; path = Info.plist; sourceTree = "<group>"; };
		387805C521778E9C009A3C9C /* QuestionViewController.swift */ = {isa = PBXFileReference; lastKnownFileType = sourcecode.swift; path = QuestionViewController.swift; sourceTree = "<group>"; };
		387805C721778EA9009A3C9C /* ResultsViewController.swift */ = {isa = PBXFileReference; lastKnownFileType = sourcecode.swift; path = ResultsViewController.swift; sourceTree = "<group>"; };
/* End PBXFileReference section */

/* Begin PBXFrameworksBuildPhase section */
		3878059121778A2C009A3C9C /* Frameworks */ = {
			isa = PBXFrameworksBuildPhase;
			buildActionMask = 2147483647;
			files = (
			);
			runOnlyForDeploymentPostprocessing = 0;
		};
		387805A521778A2D009A3C9C /* Frameworks */ = {
			isa = PBXFrameworksBuildPhase;
			buildActionMask = 2147483647;
			files = (
			);
			runOnlyForDeploymentPostprocessing = 0;
		};
		387805B021778A2D009A3C9C /* Frameworks */ = {
			isa = PBXFrameworksBuildPhase;
			buildActionMask = 2147483647;
			files = (
			);
			runOnlyForDeploymentPostprocessing = 0;
		};
/* End PBXFrameworksBuildPhase section */

/* Begin PBXGroup section */
		3878058B21778A2C009A3C9C = {
			isa = PBXGroup;
			children = (
				3878059621778A2C009A3C9C /* PersonalityQuiz */,
				387805AB21778A2D009A3C9C /* PersonalityQuizTests */,
				387805B621778A2D009A3C9C /* PersonalityQuizUITests */,
				3878059521778A2C009A3C9C /* Products */,
			);
			sourceTree = "<group>";
		};
		3878059521778A2C009A3C9C /* Products */ = {
			isa = PBXGroup;
			children = (
				3878059421778A2C009A3C9C /* PersonalityQuiz.app */,
				387805A821778A2D009A3C9C /* PersonalityQuizTests.xctest */,
				387805B321778A2D009A3C9C /* PersonalityQuizUITests.xctest */,
			);
			name = Products;
			sourceTree = "<group>";
		};
		3878059621778A2C009A3C9C /* PersonalityQuiz */ = {
			isa = PBXGroup;
			children = (
				3878059721778A2C009A3C9C /* AppDelegate.swift */,
				3878059921778A2C009A3C9C /* ViewController.swift */,
				387805C521778E9C009A3C9C /* QuestionViewController.swift */,
				387805C721778EA9009A3C9C /* ResultsViewController.swift */,
				3878059B21778A2C009A3C9C /* Main.storyboard */,
				3878059E21778A2D009A3C9C /* Assets.xcassets */,
				387805A021778A2D009A3C9C /* LaunchScreen.storyboard */,
				387805A321778A2D009A3C9C /* Info.plist */,
			);
			path = PersonalityQuiz;
			sourceTree = "<group>";
		};
		387805AB21778A2D009A3C9C /* PersonalityQuizTests */ = {
			isa = PBXGroup;
			children = (
				387805AC21778A2D009A3C9C /* PersonalityQuizTests.swift */,
				387805AE21778A2D009A3C9C /* Info.plist */,
			);
			path = PersonalityQuizTests;
			sourceTree = "<group>";
		};
		387805B621778A2D009A3C9C /* PersonalityQuizUITests */ = {
			isa = PBXGroup;
			children = (
				387805B721778A2D009A3C9C /* PersonalityQuizUITests.swift */,
				387805B921778A2D009A3C9C /* Info.plist */,
			);
			path = PersonalityQuizUITests;
			sourceTree = "<group>";
		};
/* End PBXGroup section */

/* Begin PBXNativeTarget section */
		3878059321778A2C009A3C9C /* PersonalityQuiz */ = {
			isa = PBXNativeTarget;
			buildConfigurationList = 387805BC21778A2D009A3C9C /* Build configuration list for PBXNativeTarget "PersonalityQuiz" */;
			buildPhases = (
				3878059021778A2C009A3C9C /* Sources */,
				3878059121778A2C009A3C9C /* Frameworks */,
				3878059221778A2C009A3C9C /* Resources */,
			);
			buildRules = (
			);
			dependencies = (
			);
			name = PersonalityQuiz;
			productName = PersonalityQuiz;
			productReference = 3878059421778A2C009A3C9C /* PersonalityQuiz.app */;
			productType = "com.apple.product-type.application";
		};
		387805A721778A2D009A3C9C /* PersonalityQuizTests */ = {
			isa = PBXNativeTarget;
			buildConfigurationList = 387805BF21778A2D009A3C9C /* Build configuration list for PBXNativeTarget "PersonalityQuizTests" */;
			buildPhases = (
				387805A421778A2D009A3C9C /* Sources */,
				387805A521778A2D009A3C9C /* Frameworks */,
				387805A621778A2D009A3C9C /* Resources */,
			);
			buildRules = (
			);
			dependencies = (
				387805AA21778A2D009A3C9C /* PBXTargetDependency */,
			);
			name = PersonalityQuizTests;
			productName = PersonalityQuizTests;
			productReference = 387805A821778A2D009A3C9C /* PersonalityQuizTests.xctest */;
			productType = "com.apple.product-type.bundle.unit-test";
		};
		387805B221778A2D009A3C9C /* PersonalityQuizUITests */ = {
			isa = PBXNativeTarget;
			buildConfigurationList = 387805C221778A2D009A3C9C /* Build configuration list for PBXNativeTarget "PersonalityQuizUITests" */;
			buildPhases = (
				387805AF21778A2D009A3C9C /* Sources */,
				387805B021778A2D009A3C9C /* Frameworks */,
				387805B121778A2D009A3C9C /* Resources */,
			);
			buildRules = (
			);
			dependencies = (
				387805B521778A2D009A3C9C /* PBXTargetDependency */,
			);
			name = PersonalityQuizUITests;
			productName = PersonalityQuizUITests;
			productReference = 387805B321778A2D009A3C9C /* PersonalityQuizUITests.xctest */;
			productType = "com.apple.product-type.bundle.ui-testing";
		};
/* End PBXNativeTarget section */

/* Begin PBXProject section */
		3878058C21778A2C009A3C9C /* Project object */ = {
			isa = PBXProject;
			attributes = {
				LastSwiftUpdateCheck = 1000;
				LastUpgradeCheck = 1000;
				ORGANIZATIONNAME = "Justin Herzog";
				TargetAttributes = {
					3878059321778A2C009A3C9C = {
						CreatedOnToolsVersion = 10.0;
					};
					387805A721778A2D009A3C9C = {
						CreatedOnToolsVersion = 10.0;
						TestTargetID = 3878059321778A2C009A3C9C;
					};
					387805B221778A2D009A3C9C = {
						CreatedOnToolsVersion = 10.0;
						TestTargetID = 3878059321778A2C009A3C9C;
					};
				};
			};
			buildConfigurationList = 3878058F21778A2C009A3C9C /* Build configuration list for PBXProject "PersonalityQuiz" */;
			compatibilityVersion = "Xcode 9.3";
			developmentRegion = en;
			hasScannedForEncodings = 0;
			knownRegions = (
				en,
				Base,
			);
			mainGroup = 3878058B21778A2C009A3C9C;
			productRefGroup = 3878059521778A2C009A3C9C /* Products */;
			projectDirPath = "";
			projectRoot = "";
			targets = (
				3878059321778A2C009A3C9C /* PersonalityQuiz */,
				387805A721778A2D009A3C9C /* PersonalityQuizTests */,
				387805B221778A2D009A3C9C /* PersonalityQuizUITests */,
			);
		};
/* End PBXProject section */

/* Begin PBXResourcesBuildPhase section */
		3878059221778A2C009A3C9C /* Resources */ = {
			isa = PBXResourcesBuildPhase;
			buildActionMask = 2147483647;
			files = (
				387805A221778A2D009A3C9C /* LaunchScreen.storyboard in Resources */,
				3878059F21778A2D009A3C9C /* Assets.xcassets in Resources */,
				3878059D21778A2C009A3C9C /* Main.storyboard in Resources */,
			);
			runOnlyForDeploymentPostprocessing = 0;
		};
		387805A621778A2D009A3C9C /* Resources */ = {
			isa = PBXResourcesBuildPhase;
			buildActionMask = 2147483647;
			files = (
			);
			runOnlyForDeploymentPostprocessing = 0;
		};
		387805B121778A2D009A3C9C /* Resources */ = {
			isa = PBXResourcesBuildPhase;
			buildActionMask = 2147483647;
			files = (
			);
			runOnlyForDeploymentPostprocessing = 0;
		};
/* End PBXResourcesBuildPhase section */

/* Begin PBXSourcesBuildPhase section */
		3878059021778A2C009A3C9C /* Sources */ = {
			isa = PBXSourcesBuildPhase;
			buildActionMask = 2147483647;
			files = (
				3878059A21778A2C009A3C9C /* ViewController.swift in Sources */,
				3878059821778A2C009A3C9C /* AppDelegate.swift in Sources */,
				387805C621778E9C009A3C9C /* QuestionViewController.swift in Sources */,
				387805C821778EA9009A3C9C /* ResultsViewController.swift in Sources */,
			);
			runOnlyForDeploymentPostprocessing = 0;
		};
		387805A421778A2D009A3C9C /* Sources */ = {
			isa = PBXSourcesBuildPhase;
			buildActionMask = 2147483647;
			files = (
				387805AD21778A2D009A3C9C /* PersonalityQuizTests.swift in Sources */,
			);
			runOnlyForDeploymentPostprocessing = 0;
		};
		387805AF21778A2D009A3C9C /* Sources */ = {
			isa = PBXSourcesBuildPhase;
			buildActionMask = 2147483647;
			files = (
				387805B821778A2D009A3C9C /* PersonalityQuizUITests.swift in Sources */,
			);
			runOnlyForDeploymentPostprocessing = 0;
		};
/* End PBXSourcesBuildPhase section */

/* Begin PBXTargetDependency section */
		387805AA21778A2D009A3C9C /* PBXTargetDependency */ = {
			isa = PBXTargetDependency;
			target = 3878059321778A2C009A3C9C /* PersonalityQuiz */;
			targetProxy = 387805A921778A2D009A3C9C /* PBXContainerItemProxy */;
		};
		387805B521778A2D009A3C9C /* PBXTargetDependency */ = {
			isa = PBXTargetDependency;
			target = 3878059321778A2C009A3C9C /* PersonalityQuiz */;
			targetProxy = 387805B421778A2D009A3C9C /* PBXContainerItemProxy */;
		};
/* End PBXTargetDependency section */

/* Begin PBXVariantGroup section */
		3878059B21778A2C009A3C9C /* Main.storyboard */ = {
			isa = PBXVariantGroup;
			children = (
				3878059C21778A2C009A3C9C /* Base */,
			);
			name = Main.storyboard;
			sourceTree = "<group>";
		};
		387805A021778A2D009A3C9C /* LaunchScreen.storyboard */ = {
			isa = PBXVariantGroup;
			children = (
				387805A121778A2D009A3C9C /* Base */,
			);
			name = LaunchScreen.storyboard;
			sourceTree = "<group>";
		};
/* End PBXVariantGroup section */

/* Begin XCBuildConfiguration section */
		387805BA21778A2D009A3C9C /* Debug */ = {
			isa = XCBuildConfiguration;
			buildSettings = {
				ALWAYS_SEARCH_USER_PATHS = NO;
				CLANG_ANALYZER_NONNULL = YES;
				CLANG_ANALYZER_NUMBER_OBJECT_CONVERSION = YES_AGGRESSIVE;
				CLANG_CXX_LANGUAGE_STANDARD = "gnu++14";
				CLANG_CXX_LIBRARY = "libc++";
				CLANG_ENABLE_MODULES = YES;
				CLANG_ENABLE_OBJC_ARC = YES;
				CLANG_ENABLE_OBJC_WEAK = YES;
				CLANG_WARN_BLOCK_CAPTURE_AUTORELEASING = YES;
				CLANG_WARN_BOOL_CONVERSION = YES;
				CLANG_WARN_COMMA = YES;
				CLANG_WARN_CONSTANT_CONVERSION = YES;
				CLANG_WARN_DEPRECATED_OBJC_IMPLEMENTATIONS = YES;
				CLANG_WARN_DIRECT_OBJC_ISA_USAGE = YES_ERROR;
				CLANG_WARN_DOCUMENTATION_COMMENTS = YES;
				CLANG_WARN_EMPTY_BODY = YES;
				CLANG_WARN_ENUM_CONVERSION = YES;
				CLANG_WARN_INFINITE_RECURSION = YES;
				CLANG_WARN_INT_CONVERSION = YES;
				CLANG_WARN_NON_LITERAL_NULL_CONVERSION = YES;
				CLANG_WARN_OBJC_IMPLICIT_RETAIN_SELF = YES;
				CLANG_WARN_OBJC_LITERAL_CONVERSION = YES;
				CLANG_WARN_OBJC_ROOT_CLASS = YES_ERROR;
				CLANG_WARN_RANGE_LOOP_ANALYSIS = YES;
				CLANG_WARN_STRICT_PROTOTYPES = YES;
				CLANG_WARN_SUSPICIOUS_MOVE = YES;
				CLANG_WARN_UNGUARDED_AVAILABILITY = YES_AGGRESSIVE;
				CLANG_WARN_UNREACHABLE_CODE = YES;
				CLANG_WARN__DUPLICATE_METHOD_MATCH = YES;
				CODE_SIGN_IDENTITY = "iPhone Developer";
				COPY_PHASE_STRIP = NO;
				DEBUG_INFORMATION_FORMAT = dwarf;
				ENABLE_STRICT_OBJC_MSGSEND = YES;
				ENABLE_TESTABILITY = YES;
				GCC_C_LANGUAGE_STANDARD = gnu11;
				GCC_DYNAMIC_NO_PIC = NO;
				GCC_NO_COMMON_BLOCKS = YES;
				GCC_OPTIMIZATION_LEVEL = 0;
				GCC_PREPROCESSOR_DEFINITIONS = (
					"DEBUG=1",
					"$(inherited)",
				);
				GCC_WARN_64_TO_32_BIT_CONVERSION = YES;
				GCC_WARN_ABOUT_RETURN_TYPE = YES_ERROR;
				GCC_WARN_UNDECLARED_SELECTOR = YES;
				GCC_WARN_UNINITIALIZED_AUTOS = YES_AGGRESSIVE;
				GCC_WARN_UNUSED_FUNCTION = YES;
				GCC_WARN_UNUSED_VARIABLE = YES;
				IPHONEOS_DEPLOYMENT_TARGET = 12.0;
				MTL_ENABLE_DEBUG_INFO = INCLUDE_SOURCE;
				MTL_FAST_MATH = YES;
				ONLY_ACTIVE_ARCH = YES;
				SDKROOT = iphoneos;
				SWIFT_ACTIVE_COMPILATION_CONDITIONS = DEBUG;
				SWIFT_OPTIMIZATION_LEVEL = "-Onone";
			};
			name = Debug;
		};
		387805BB21778A2D009A3C9C /* Release */ = {
			isa = XCBuildConfiguration;
			buildSettings = {
				ALWAYS_SEARCH_USER_PATHS = NO;
				CLANG_ANALYZER_NONNULL = YES;
				CLANG_ANALYZER_NUMBER_OBJECT_CONVERSION = YES_AGGRESSIVE;
				CLANG_CXX_LANGUAGE_STANDARD = "gnu++14";
				CLANG_CXX_LIBRARY = "libc++";
				CLANG_ENABLE_MODULES = YES;
				CLANG_ENABLE_OBJC_ARC = YES;
				CLANG_ENABLE_OBJC_WEAK = YES;
				CLANG_WARN_BLOCK_CAPTURE_AUTORELEASING = YES;
				CLANG_WARN_BOOL_CONVERSION = YES;
				CLANG_WARN_COMMA = YES;
				CLANG_WARN_CONSTANT_CONVERSION = YES;
				CLANG_WARN_DEPRECATED_OBJC_IMPLEMENTATIONS = YES;
				CLANG_WARN_DIRECT_OBJC_ISA_USAGE = YES_ERROR;
				CLANG_WARN_DOCUMENTATION_COMMENTS = YES;
				CLANG_WARN_EMPTY_BODY = YES;
				CLANG_WARN_ENUM_CONVERSION = YES;
				CLANG_WARN_INFINITE_RECURSION = YES;
				CLANG_WARN_INT_CONVERSION = YES;
				CLANG_WARN_NON_LITERAL_NULL_CONVERSION = YES;
				CLANG_WARN_OBJC_IMPLICIT_RETAIN_SELF = YES;
				CLANG_WARN_OBJC_LITERAL_CONVERSION = YES;
				CLANG_WARN_OBJC_ROOT_CLASS = YES_ERROR;
				CLANG_WARN_RANGE_LOOP_ANALYSIS = YES;
				CLANG_WARN_STRICT_PROTOTYPES = YES;
				CLANG_WARN_SUSPICIOUS_MOVE = YES;
				CLANG_WARN_UNGUARDED_AVAILABILITY = YES_AGGRESSIVE;
				CLANG_WARN_UNREACHABLE_CODE = YES;
				CLANG_WARN__DUPLICATE_METHOD_MATCH = YES;
				CODE_SIGN_IDENTITY = "iPhone Developer";
				COPY_PHASE_STRIP = NO;
				DEBUG_INFORMATION_FORMAT = "dwarf-with-dsym";
				ENABLE_NS_ASSERTIONS = NO;
				ENABLE_STRICT_OBJC_MSGSEND = YES;
				GCC_C_LANGUAGE_STANDARD = gnu11;
				GCC_NO_COMMON_BLOCKS = YES;
				GCC_WARN_64_TO_32_BIT_CONVERSION = YES;
				GCC_WARN_ABOUT_RETURN_TYPE = YES_ERROR;
				GCC_WARN_UNDECLARED_SELECTOR = YES;
				GCC_WARN_UNINITIALIZED_AUTOS = YES_AGGRESSIVE;
				GCC_WARN_UNUSED_FUNCTION = YES;
				GCC_WARN_UNUSED_VARIABLE = YES;
				IPHONEOS_DEPLOYMENT_TARGET = 12.0;
				MTL_ENABLE_DEBUG_INFO = NO;
				MTL_FAST_MATH = YES;
				SDKROOT = iphoneos;
				SWIFT_COMPILATION_MODE = wholemodule;
				SWIFT_OPTIMIZATION_LEVEL = "-O";
				VALIDATE_PRODUCT = YES;
			};
			name = Release;
		};
		387805BD21778A2D009A3C9C /* Debug */ = {
			isa = XCBuildConfiguration;
			buildSettings = {
				ASSETCATALOG_COMPILER_APPICON_NAME = AppIcon;
				CODE_SIGN_STYLE = Automatic;
				DEVELOPMENT_TEAM = 56XJY2WYJZ;
				INFOPLIST_FILE = PersonalityQuiz/Info.plist;
				LD_RUNPATH_SEARCH_PATHS = (
					"$(inherited)",
					"@executable_path/Frameworks",
				);
				PRODUCT_BUNDLE_IDENTIFIER = "Zawg-s-App.PersonalityQuiz";
				PRODUCT_NAME = "$(TARGET_NAME)";
				SWIFT_VERSION = 4.2;
				TARGETED_DEVICE_FAMILY = "1,2";
			};
			name = Debug;
		};
		387805BE21778A2D009A3C9C /* Release */ = {
			isa = XCBuildConfiguration;
			buildSettings = {
				ASSETCATALOG_COMPILER_APPICON_NAME = AppIcon;
				CODE_SIGN_STYLE = Automatic;
				DEVELOPMENT_TEAM = 56XJY2WYJZ;
				INFOPLIST_FILE = PersonalityQuiz/Info.plist;
				LD_RUNPATH_SEARCH_PATHS = (
					"$(inherited)",
					"@executable_path/Frameworks",
				);
				PRODUCT_BUNDLE_IDENTIFIER = "Zawg-s-App.PersonalityQuiz";
				PRODUCT_NAME = "$(TARGET_NAME)";
				SWIFT_VERSION = 4.2;
				TARGETED_DEVICE_FAMILY = "1,2";
			};
			name = Release;
		};
		387805C021778A2D009A3C9C /* Debug */ = {
			isa = XCBuildConfiguration;
			buildSettings = {
				ALWAYS_EMBED_SWIFT_STANDARD_LIBRARIES = YES;
				BUNDLE_LOADER = "$(TEST_HOST)";
				CODE_SIGN_STYLE = Automatic;
				DEVELOPMENT_TEAM = 56XJY2WYJZ;
				INFOPLIST_FILE = PersonalityQuizTests/Info.plist;
				LD_RUNPATH_SEARCH_PATHS = (
					"$(inherited)",
					"@executable_path/Frameworks",
					"@loader_path/Frameworks",
				);
				PRODUCT_BUNDLE_IDENTIFIER = "Zawg-s-App.PersonalityQuizTests";
				PRODUCT_NAME = "$(TARGET_NAME)";
				SWIFT_VERSION = 4.2;
				TARGETED_DEVICE_FAMILY = "1,2";
				TEST_HOST = "$(BUILT_PRODUCTS_DIR)/PersonalityQuiz.app/PersonalityQuiz";
			};
			name = Debug;
		};
		387805C121778A2D009A3C9C /* Release */ = {
			isa = XCBuildConfiguration;
			buildSettings = {
				ALWAYS_EMBED_SWIFT_STANDARD_LIBRARIES = YES;
				BUNDLE_LOADER = "$(TEST_HOST)";
				CODE_SIGN_STYLE = Automatic;
				DEVELOPMENT_TEAM = 56XJY2WYJZ;
				INFOPLIST_FILE = PersonalityQuizTests/Info.plist;
				LD_RUNPATH_SEARCH_PATHS = (
					"$(inherited)",
					"@executable_path/Frameworks",
					"@loader_path/Frameworks",
				);
				PRODUCT_BUNDLE_IDENTIFIER = "Zawg-s-App.PersonalityQuizTests";
				PRODUCT_NAME = "$(TARGET_NAME)";
				SWIFT_VERSION = 4.2;
				TARGETED_DEVICE_FAMILY = "1,2";
				TEST_HOST = "$(BUILT_PRODUCTS_DIR)/PersonalityQuiz.app/PersonalityQuiz";
			};
			name = Release;
		};
		387805C321778A2D009A3C9C /* Debug */ = {
			isa = XCBuildConfiguration;
			buildSettings = {
				ALWAYS_EMBED_SWIFT_STANDARD_LIBRARIES = YES;
				CODE_SIGN_STYLE = Automatic;
				DEVELOPMENT_TEAM = 56XJY2WYJZ;
				INFOPLIST_FILE = PersonalityQuizUITests/Info.plist;
				LD_RUNPATH_SEARCH_PATHS = (
					"$(inherited)",
					"@executable_path/Frameworks",
					"@loader_path/Frameworks",
				);
				PRODUCT_BUNDLE_IDENTIFIER = "Zawg-s-App.PersonalityQuizUITests";
				PRODUCT_NAME = "$(TARGET_NAME)";
				SWIFT_VERSION = 4.2;
				TARGETED_DEVICE_FAMILY = "1,2";
				TEST_TARGET_NAME = PersonalityQuiz;
			};
			name = Debug;
		};
		387805C421778A2D009A3C9C /* Release */ = {
			isa = XCBuildConfiguration;
			buildSettings = {
				ALWAYS_EMBED_SWIFT_STANDARD_LIBRARIES = YES;
				CODE_SIGN_STYLE = Automatic;
				DEVELOPMENT_TEAM = 56XJY2WYJZ;
				INFOPLIST_FILE = PersonalityQuizUITests/Info.plist;
				LD_RUNPATH_SEARCH_PATHS = (
					"$(inherited)",
					"@executable_path/Frameworks",
					"@loader_path/Frameworks",
				);
				PRODUCT_BUNDLE_IDENTIFIER = "Zawg-s-App.PersonalityQuizUITests";
				PRODUCT_NAME = "$(TARGET_NAME)";
				SWIFT_VERSION = 4.2;
				TARGETED_DEVICE_FAMILY = "1,2";
				TEST_TARGET_NAME = PersonalityQuiz;
			};
			name = Release;
		};
/* End XCBuildConfiguration section */

/* Begin XCConfigurationList section */
		3878058F21778A2C009A3C9C /* Build configuration list for PBXProject "PersonalityQuiz" */ = {
			isa = XCConfigurationList;
			buildConfigurations = (
				387805BA21778A2D009A3C9C /* Debug */,
				387805BB21778A2D009A3C9C /* Release */,
			);
			defaultConfigurationIsVisible = 0;
			defaultConfigurationName = Release;
		};
		387805BC21778A2D009A3C9C /* Build configuration list for PBXNativeTarget "PersonalityQuiz" */ = {
			isa = XCConfigurationList;
			buildConfigurations = (
				387805BD21778A2D009A3C9C /* Debug */,
				387805BE21778A2D009A3C9C /* Release */,
			);
			defaultConfigurationIsVisible = 0;
			defaultConfigurationName = Release;
		};
		387805BF21778A2D009A3C9C /* Build configuration list for PBXNativeTarget "PersonalityQuizTests" */ = {
			isa = XCConfigurationList;
			buildConfigurations = (
				387805C021778A2D009A3C9C /* Debug */,
				387805C121778A2D009A3C9C /* Release */,
			);
			defaultConfigurationIsVisible = 0;
			defaultConfigurationName = Release;
		};
		387805C221778A2D009A3C9C /* Build configuration list for PBXNativeTarget "PersonalityQuizUITests" */ = {
			isa = XCConfigurationList;
			buildConfigurations = (
				387805C321778A2D009A3C9C /* Debug */,
				387805C421778A2D009A3C9C /* Release */,
			);
			defaultConfigurationIsVisible = 0;
			defaultConfigurationName = Release;
		};
/* End XCConfigurationList section */
	};
	rootObject = 3878058C21778A2C009A3C9C /* Project object */;
}
