// !$*UTF8*$!
{
	archiveVersion = 1;
	classes = {
	};
	objectVersion = 50;
	objects = {

/* Begin PBXBuildFile section */
		38E18E8C21592D82005D3176 /* AppDelegate.swift in Sources */ = {isa = PBXBuildFile; fileRef = 38E18E8B21592D82005D3176 /* AppDelegate.swift */; };
		38E18E8E21592D82005D3176 /* ViewController.swift in Sources */ = {isa = PBXBuildFile; fileRef = 38E18E8D21592D82005D3176 /* ViewController.swift */; };
		38E18E9121592D82005D3176 /* Main.storyboard in Resources */ = {isa = PBXBuildFile; fileRef = 38E18E8F21592D82005D3176 /* Main.storyboard */; };
		38E18E9321592D84005D3176 /* Assets.xcassets in Resources */ = {isa = PBXBuildFile; fileRef = 38E18E9221592D84005D3176 /* Assets.xcassets */; };
		38E18E9621592D84005D3176 /* LaunchScreen.storyboard in Resources */ = {isa = PBXBuildFile; fileRef = 38E18E9421592D84005D3176 /* LaunchScreen.storyboard */; };
		38E18EA121592D84005D3176 /* Apple_PieTests.swift in Sources */ = {isa = PBXBuildFile; fileRef = 38E18EA021592D84005D3176 /* Apple_PieTests.swift */; };
		38E18EAC21592D84005D3176 /* Apple_PieUITests.swift in Sources */ = {isa = PBXBuildFile; fileRef = 38E18EAB21592D84005D3176 /* Apple_PieUITests.swift */; };
		38E18EBA2159452D005D3176 /* Game.swift in Sources */ = {isa = PBXBuildFile; fileRef = 38E18EB92159452D005D3176 /* Game.swift */; };
/* End PBXBuildFile section */

/* Begin PBXContainerItemProxy section */
		38E18E9D21592D84005D3176 /* PBXContainerItemProxy */ = {
			isa = PBXContainerItemProxy;
			containerPortal = 38E18E8021592D82005D3176 /* Project object */;
			proxyType = 1;
			remoteGlobalIDString = 38E18E8721592D82005D3176;
			remoteInfo = "Apple Pie";
		};
		38E18EA821592D84005D3176 /* PBXContainerItemProxy */ = {
			isa = PBXContainerItemProxy;
			containerPortal = 38E18E8021592D82005D3176 /* Project object */;
			proxyType = 1;
			remoteGlobalIDString = 38E18E8721592D82005D3176;
			remoteInfo = "Apple Pie";
		};
/* End PBXContainerItemProxy section */

/* Begin PBXFileReference section */
		38E18E8821592D82005D3176 /* Apple Pie.app */ = {isa = PBXFileReference; explicitFileType = wrapper.application; includeInIndex = 0; path = "Apple Pie.app"; sourceTree = BUILT_PRODUCTS_DIR; };
		38E18E8B21592D82005D3176 /* AppDelegate.swift */ = {isa = PBXFileReference; lastKnownFileType = sourcecode.swift; path = AppDelegate.swift; sourceTree = "<group>"; };
		38E18E8D21592D82005D3176 /* ViewController.swift */ = {isa = PBXFileReference; lastKnownFileType = sourcecode.swift; path = ViewController.swift; sourceTree = "<group>"; };
		38E18E9021592D82005D3176 /* Base */ = {isa = PBXFileReference; lastKnownFileType = file.storyboard; name = Base; path = Base.lproj/Main.storyboard; sourceTree = "<group>"; };
		38E18E9221592D84005D3176 /* Assets.xcassets */ = {isa = PBXFileReference; lastKnownFileType = folder.assetcatalog; path = Assets.xcassets; sourceTree = "<group>"; };
		38E18E9521592D84005D3176 /* Base */ = {isa = PBXFileReference; lastKnownFileType = file.storyboard; name = Base; path = Base.lproj/LaunchScreen.storyboard; sourceTree = "<group>"; };
		38E18E9721592D84005D3176 /* Info.plist */ = {isa = PBXFileReference; lastKnownFileType = text.plist.xml; path = Info.plist; sourceTree = "<group>"; };
		38E18E9C21592D84005D3176 /* Apple PieTests.xctest */ = {isa = PBXFileReference; explicitFileType = wrapper.cfbundle; includeInIndex = 0; path = "Apple PieTests.xctest"; sourceTree = BUILT_PRODUCTS_DIR; };
		38E18EA021592D84005D3176 /* Apple_PieTests.swift */ = {isa = PBXFileReference; lastKnownFileType = sourcecode.swift; path = Apple_PieTests.swift; sourceTree = "<group>"; };
		38E18EA221592D84005D3176 /* Info.plist */ = {isa = PBXFileReference; lastKnownFileType = text.plist.xml; path = Info.plist; sourceTree = "<group>"; };
		38E18EA721592D84005D3176 /* Apple PieUITests.xctest */ = {isa = PBXFileReference; explicitFileType = wrapper.cfbundle; includeInIndex = 0; path = "Apple PieUITests.xctest"; sourceTree = BUILT_PRODUCTS_DIR; };
		38E18EAB21592D84005D3176 /* Apple_PieUITests.swift */ = {isa = PBXFileReference; lastKnownFileType = sourcecode.swift; path = Apple_PieUITests.swift; sourceTree = "<group>"; };
		38E18EAD21592D84005D3176 /* Info.plist */ = {isa = PBXFileReference; lastKnownFileType = text.plist.xml; path = Info.plist; sourceTree = "<group>"; };
		38E18EB92159452D005D3176 /* Game.swift */ = {isa = PBXFileReference; lastKnownFileType = sourcecode.swift; path = Game.swift; sourceTree = "<group>"; };
/* End PBXFileReference section */

/* Begin PBXFrameworksBuildPhase section */
		38E18E8521592D82005D3176 /* Frameworks */ = {
			isa = PBXFrameworksBuildPhase;
			buildActionMask = 2147483647;
			files = (
			);
			runOnlyForDeploymentPostprocessing = 0;
		};
		38E18E9921592D84005D3176 /* Frameworks */ = {
			isa = PBXFrameworksBuildPhase;
			buildActionMask = 2147483647;
			files = (
			);
			runOnlyForDeploymentPostprocessing = 0;
		};
		38E18EA421592D84005D3176 /* Frameworks */ = {
			isa = PBXFrameworksBuildPhase;
			buildActionMask = 2147483647;
			files = (
			);
			runOnlyForDeploymentPostprocessing = 0;
		};
/* End PBXFrameworksBuildPhase section */

/* Begin PBXGroup section */
		38E18E7F21592D82005D3176 = {
			isa = PBXGroup;
			children = (
				38E18E8A21592D82005D3176 /* Apple Pie */,
				38E18E9F21592D84005D3176 /* Apple PieTests */,
				38E18EAA21592D84005D3176 /* Apple PieUITests */,
				38E18E8921592D82005D3176 /* Products */,
			);
			sourceTree = "<group>";
		};
		38E18E8921592D82005D3176 /* Products */ = {
			isa = PBXGroup;
			children = (
				38E18E8821592D82005D3176 /* Apple Pie.app */,
				38E18E9C21592D84005D3176 /* Apple PieTests.xctest */,
				38E18EA721592D84005D3176 /* Apple PieUITests.xctest */,
			);
			name = Products;
			sourceTree = "<group>";
		};
		38E18E8A21592D82005D3176 /* Apple Pie */ = {
			isa = PBXGroup;
			children = (
				38E18E8B21592D82005D3176 /* AppDelegate.swift */,
				38E18E8D21592D82005D3176 /* ViewController.swift */,
				38E18E8F21592D82005D3176 /* Main.storyboard */,
				38E18EB92159452D005D3176 /* Game.swift */,
				38E18E9221592D84005D3176 /* Assets.xcassets */,
				38E18E9421592D84005D3176 /* LaunchScreen.storyboard */,
				38E18E9721592D84005D3176 /* Info.plist */,
			);
			path = "Apple Pie";
			sourceTree = "<group>";
		};
		38E18E9F21592D84005D3176 /* Apple PieTests */ = {
			isa = PBXGroup;
			children = (
				38E18EA021592D84005D3176 /* Apple_PieTests.swift */,
				38E18EA221592D84005D3176 /* Info.plist */,
			);
			path = "Apple PieTests";
			sourceTree = "<group>";
		};
		38E18EAA21592D84005D3176 /* Apple PieUITests */ = {
			isa = PBXGroup;
			children = (
				38E18EAB21592D84005D3176 /* Apple_PieUITests.swift */,
				38E18EAD21592D84005D3176 /* Info.plist */,
			);
			path = "Apple PieUITests";
			sourceTree = "<group>";
		};
/* End PBXGroup section */

/* Begin PBXNativeTarget section */
		38E18E8721592D82005D3176 /* Apple Pie */ = {
			isa = PBXNativeTarget;
			buildConfigurationList = 38E18EB021592D84005D3176 /* Build configuration list for PBXNativeTarget "Apple Pie" */;
			buildPhases = (
				38E18E8421592D82005D3176 /* Sources */,
				38E18E8521592D82005D3176 /* Frameworks */,
				38E18E8621592D82005D3176 /* Resources */,
			);
			buildRules = (
			);
			dependencies = (
			);
			name = "Apple Pie";
			productName = "Apple Pie";
			productReference = 38E18E8821592D82005D3176 /* Apple Pie.app */;
			productType = "com.apple.product-type.application";
		};
		38E18E9B21592D84005D3176 /* Apple PieTests */ = {
			isa = PBXNativeTarget;
			buildConfigurationList = 38E18EB321592D84005D3176 /* Build configuration list for PBXNativeTarget "Apple PieTests" */;
			buildPhases = (
				38E18E9821592D84005D3176 /* Sources */,
				38E18E9921592D84005D3176 /* Frameworks */,
				38E18E9A21592D84005D3176 /* Resources */,
			);
			buildRules = (
			);
			dependencies = (
				38E18E9E21592D84005D3176 /* PBXTargetDependency */,
			);
			name = "Apple PieTests";
			productName = "Apple PieTests";
			productReference = 38E18E9C21592D84005D3176 /* Apple PieTests.xctest */;
			productType = "com.apple.product-type.bundle.unit-test";
		};
		38E18EA621592D84005D3176 /* Apple PieUITests */ = {
			isa = PBXNativeTarget;
			buildConfigurationList = 38E18EB621592D84005D3176 /* Build configuration list for PBXNativeTarget "Apple PieUITests" */;
			buildPhases = (
				38E18EA321592D84005D3176 /* Sources */,
				38E18EA421592D84005D3176 /* Frameworks */,
				38E18EA521592D84005D3176 /* Resources */,
			);
			buildRules = (
			);
			dependencies = (
				38E18EA921592D84005D3176 /* PBXTargetDependency */,
			);
			name = "Apple PieUITests";
			productName = "Apple PieUITests";
			productReference = 38E18EA721592D84005D3176 /* Apple PieUITests.xctest */;
			productType = "com.apple.product-type.bundle.ui-testing";
		};
/* End PBXNativeTarget section */

/* Begin PBXProject section */
		38E18E8021592D82005D3176 /* Project object */ = {
			isa = PBXProject;
			attributes = {
				LastSwiftUpdateCheck = 1000;
				LastUpgradeCheck = 1000;
				ORGANIZATIONNAME = "Justin Herzog";
				TargetAttributes = {
					38E18E8721592D82005D3176 = {
						CreatedOnToolsVersion = 10.0;
					};
					38E18E9B21592D84005D3176 = {
						CreatedOnToolsVersion = 10.0;
						TestTargetID = 38E18E8721592D82005D3176;
					};
					38E18EA621592D84005D3176 = {
						CreatedOnToolsVersion = 10.0;
						TestTargetID = 38E18E8721592D82005D3176;
					};
				};
			};
			buildConfigurationList = 38E18E8321592D82005D3176 /* Build configuration list for PBXProject "Apple Pie" */;
			compatibilityVersion = "Xcode 9.3";
			developmentRegion = en;
			hasScannedForEncodings = 0;
			knownRegions = (
				en,
				Base,
			);
			mainGroup = 38E18E7F21592D82005D3176;
			productRefGroup = 38E18E8921592D82005D3176 /* Products */;
			projectDirPath = "";
			projectRoot = "";
			targets = (
				38E18E8721592D82005D3176 /* Apple Pie */,
				38E18E9B21592D84005D3176 /* Apple PieTests */,
				38E18EA621592D84005D3176 /* Apple PieUITests */,
			);
		};
/* End PBXProject section */

/* Begin PBXResourcesBuildPhase section */
		38E18E8621592D82005D3176 /* Resources */ = {
			isa = PBXResourcesBuildPhase;
			buildActionMask = 2147483647;
			files = (
				38E18E9621592D84005D3176 /* LaunchScreen.storyboard in Resources */,
				38E18E9321592D84005D3176 /* Assets.xcassets in Resources */,
				38E18E9121592D82005D3176 /* Main.storyboard in Resources */,
			);
			runOnlyForDeploymentPostprocessing = 0;
		};
		38E18E9A21592D84005D3176 /* Resources */ = {
			isa = PBXResourcesBuildPhase;
			buildActionMask = 2147483647;
			files = (
			);
			runOnlyForDeploymentPostprocessing = 0;
		};
		38E18EA521592D84005D3176 /* Resources */ = {
			isa = PBXResourcesBuildPhase;
			buildActionMask = 2147483647;
			files = (
			);
			runOnlyForDeploymentPostprocessing = 0;
		};
/* End PBXResourcesBuildPhase section */

/* Begin PBXSourcesBuildPhase section */
		38E18E8421592D82005D3176 /* Sources */ = {
			isa = PBXSourcesBuildPhase;
			buildActionMask = 2147483647;
			files = (
				38E18E8E21592D82005D3176 /* ViewController.swift in Sources */,
				38E18EBA2159452D005D3176 /* Game.swift in Sources */,
				38E18E8C21592D82005D3176 /* AppDelegate.swift in Sources */,
			);
			runOnlyForDeploymentPostprocessing = 0;
		};
		38E18E9821592D84005D3176 /* Sources */ = {
			isa = PBXSourcesBuildPhase;
			buildActionMask = 2147483647;
			files = (
				38E18EA121592D84005D3176 /* Apple_PieTests.swift in Sources */,
			);
			runOnlyForDeploymentPostprocessing = 0;
		};
		38E18EA321592D84005D3176 /* Sources */ = {
			isa = PBXSourcesBuildPhase;
			buildActionMask = 2147483647;
			files = (
				38E18EAC21592D84005D3176 /* Apple_PieUITests.swift in Sources */,
			);
			runOnlyForDeploymentPostprocessing = 0;
		};
/* End PBXSourcesBuildPhase section */

/* Begin PBXTargetDependency section */
		38E18E9E21592D84005D3176 /* PBXTargetDependency */ = {
			isa = PBXTargetDependency;
			target = 38E18E8721592D82005D3176 /* Apple Pie */;
			targetProxy = 38E18E9D21592D84005D3176 /* PBXContainerItemProxy */;
		};
		38E18EA921592D84005D3176 /* PBXTargetDependency */ = {
			isa = PBXTargetDependency;
			target = 38E18E8721592D82005D3176 /* Apple Pie */;
			targetProxy = 38E18EA821592D84005D3176 /* PBXContainerItemProxy */;
		};
/* End PBXTargetDependency section */

/* Begin PBXVariantGroup section */
		38E18E8F21592D82005D3176 /* Main.storyboard */ = {
			isa = PBXVariantGroup;
			children = (
				38E18E9021592D82005D3176 /* Base */,
			);
			name = Main.storyboard;
			sourceTree = "<group>";
		};
		38E18E9421592D84005D3176 /* LaunchScreen.storyboard */ = {
			isa = PBXVariantGroup;
			children = (
				38E18E9521592D84005D3176 /* Base */,
			);
			name = LaunchScreen.storyboard;
			sourceTree = "<group>";
		};
/* End PBXVariantGroup section */

/* Begin XCBuildConfiguration section */
		38E18EAE21592D84005D3176 /* Debug */ = {
			isa = XCBuildConfiguration;
			buildSettings = {
				ALWAYS_SEARCH_USER_PATHS = NO;
				CLANG_ANALYZER_NONNULL = YES;
				CLANG_ANALYZER_NUMBER_OBJECT_CONVERSION = YES_AGGRESSIVE;
				CLANG_CXX_LANGUAGE_STANDARD = "gnu++14";
				CLANG_CXX_LIBRARY = "libc++";
				CLANG_ENABLE_MODULES = YES;
				CLANG_ENABLE_OBJC_ARC = YES;
				CLANG_ENABLE_OBJC_WEAK = YES;
				CLANG_WARN_BLOCK_CAPTURE_AUTORELEASING = YES;
				CLANG_WARN_BOOL_CONVERSION = YES;
				CLANG_WARN_COMMA = YES;
				CLANG_WARN_CONSTANT_CONVERSION = YES;
				CLANG_WARN_DEPRECATED_OBJC_IMPLEMENTATIONS = YES;
				CLANG_WARN_DIRECT_OBJC_ISA_USAGE = YES_ERROR;
				CLANG_WARN_DOCUMENTATION_COMMENTS = YES;
				CLANG_WARN_EMPTY_BODY = YES;
				CLANG_WARN_ENUM_CONVERSION = YES;
				CLANG_WARN_INFINITE_RECURSION = YES;
				CLANG_WARN_INT_CONVERSION = YES;
				CLANG_WARN_NON_LITERAL_NULL_CONVERSION = YES;
				CLANG_WARN_OBJC_IMPLICIT_RETAIN_SELF = YES;
				CLANG_WARN_OBJC_LITERAL_CONVERSION = YES;
				CLANG_WARN_OBJC_ROOT_CLASS = YES_ERROR;
				CLANG_WARN_RANGE_LOOP_ANALYSIS = YES;
				CLANG_WARN_STRICT_PROTOTYPES = YES;
				CLANG_WARN_SUSPICIOUS_MOVE = YES;
				CLANG_WARN_UNGUARDED_AVAILABILITY = YES_AGGRESSIVE;
				CLANG_WARN_UNREACHABLE_CODE = YES;
				CLANG_WARN__DUPLICATE_METHOD_MATCH = YES;
				CODE_SIGN_IDENTITY = "iPhone Developer";
				COPY_PHASE_STRIP = NO;
				DEBUG_INFORMATION_FORMAT = dwarf;
				ENABLE_STRICT_OBJC_MSGSEND = YES;
				ENABLE_TESTABILITY = YES;
				GCC_C_LANGUAGE_STANDARD = gnu11;
				GCC_DYNAMIC_NO_PIC = NO;
				GCC_NO_COMMON_BLOCKS = YES;
				GCC_OPTIMIZATION_LEVEL = 0;
				GCC_PREPROCESSOR_DEFINITIONS = (
					"DEBUG=1",
					"$(inherited)",
				);
				GCC_WARN_64_TO_32_BIT_CONVERSION = YES;
				GCC_WARN_ABOUT_RETURN_TYPE = YES_ERROR;
				GCC_WARN_UNDECLARED_SELECTOR = YES;
				GCC_WARN_UNINITIALIZED_AUTOS = YES_AGGRESSIVE;
				GCC_WARN_UNUSED_FUNCTION = YES;
				GCC_WARN_UNUSED_VARIABLE = YES;
				IPHONEOS_DEPLOYMENT_TARGET = 12.0;
				MTL_ENABLE_DEBUG_INFO = INCLUDE_SOURCE;
				MTL_FAST_MATH = YES;
				ONLY_ACTIVE_ARCH = YES;
				SDKROOT = iphoneos;
				SWIFT_ACTIVE_COMPILATION_CONDITIONS = DEBUG;
				SWIFT_OPTIMIZATION_LEVEL = "-Onone";
			};
			name = Debug;
		};
		38E18EAF21592D84005D3176 /* Release */ = {
			isa = XCBuildConfiguration;
			buildSettings = {
				ALWAYS_SEARCH_USER_PATHS = NO;
				CLANG_ANALYZER_NONNULL = YES;
				CLANG_ANALYZER_NUMBER_OBJECT_CONVERSION = YES_AGGRESSIVE;
				CLANG_CXX_LANGUAGE_STANDARD = "gnu++14";
				CLANG_CXX_LIBRARY = "libc++";
				CLANG_ENABLE_MODULES = YES;
				CLANG_ENABLE_OBJC_ARC = YES;
				CLANG_ENABLE_OBJC_WEAK = YES;
				CLANG_WARN_BLOCK_CAPTURE_AUTORELEASING = YES;
				CLANG_WARN_BOOL_CONVERSION = YES;
				CLANG_WARN_COMMA = YES;
				CLANG_WARN_CONSTANT_CONVERSION = YES;
				CLANG_WARN_DEPRECATED_OBJC_IMPLEMENTATIONS = YES;
				CLANG_WARN_DIRECT_OBJC_ISA_USAGE = YES_ERROR;
				CLANG_WARN_DOCUMENTATION_COMMENTS = YES;
				CLANG_WARN_EMPTY_BODY = YES;
				CLANG_WARN_ENUM_CONVERSION = YES;
				CLANG_WARN_INFINITE_RECURSION = YES;
				CLANG_WARN_INT_CONVERSION = YES;
				CLANG_WARN_NON_LITERAL_NULL_CONVERSION = YES;
				CLANG_WARN_OBJC_IMPLICIT_RETAIN_SELF = YES;
				CLANG_WARN_OBJC_LITERAL_CONVERSION = YES;
				CLANG_WARN_OBJC_ROOT_CLASS = YES_ERROR;
				CLANG_WARN_RANGE_LOOP_ANALYSIS = YES;
				CLANG_WARN_STRICT_PROTOTYPES = YES;
				CLANG_WARN_SUSPICIOUS_MOVE = YES;
				CLANG_WARN_UNGUARDED_AVAILABILITY = YES_AGGRESSIVE;
				CLANG_WARN_UNREACHABLE_CODE = YES;
				CLANG_WARN__DUPLICATE_METHOD_MATCH = YES;
				CODE_SIGN_IDENTITY = "iPhone Developer";
				COPY_PHASE_STRIP = NO;
				DEBUG_INFORMATION_FORMAT = "dwarf-with-dsym";
				ENABLE_NS_ASSERTIONS = NO;
				ENABLE_STRICT_OBJC_MSGSEND = YES;
				GCC_C_LANGUAGE_STANDARD = gnu11;
				GCC_NO_COMMON_BLOCKS = YES;
				GCC_WARN_64_TO_32_BIT_CONVERSION = YES;
				GCC_WARN_ABOUT_RETURN_TYPE = YES_ERROR;
				GCC_WARN_UNDECLARED_SELECTOR = YES;
				GCC_WARN_UNINITIALIZED_AUTOS = YES_AGGRESSIVE;
				GCC_WARN_UNUSED_FUNCTION = YES;
				GCC_WARN_UNUSED_VARIABLE = YES;
				IPHONEOS_DEPLOYMENT_TARGET = 12.0;
				MTL_ENABLE_DEBUG_INFO = NO;
				MTL_FAST_MATH = YES;
				SDKROOT = iphoneos;
				SWIFT_COMPILATION_MODE = wholemodule;
				SWIFT_OPTIMIZATION_LEVEL = "-O";
				VALIDATE_PRODUCT = YES;
			};
			name = Release;
		};
		38E18EB121592D84005D3176 /* Debug */ = {
			isa = XCBuildConfiguration;
			buildSettings = {
				ASSETCATALOG_COMPILER_APPICON_NAME = AppIcon;
				CODE_SIGN_STYLE = Automatic;
				DEVELOPMENT_TEAM = 56XJY2WYJZ;
				INFOPLIST_FILE = "Apple Pie/Info.plist";
				LD_RUNPATH_SEARCH_PATHS = (
					"$(inherited)",
					"@executable_path/Frameworks",
				);
				PRODUCT_BUNDLE_IDENTIFIER = "Zawg-s-App.Apple-Pie";
				PRODUCT_NAME = "$(TARGET_NAME)";
				SWIFT_VERSION = 4.2;
				TARGETED_DEVICE_FAMILY = 2;
			};
			name = Debug;
		};
		38E18EB221592D84005D3176 /* Release */ = {
			isa = XCBuildConfiguration;
			buildSettings = {
				ASSETCATALOG_COMPILER_APPICON_NAME = AppIcon;
				CODE_SIGN_STYLE = Automatic;
				DEVELOPMENT_TEAM = 56XJY2WYJZ;
				INFOPLIST_FILE = "Apple Pie/Info.plist";
				LD_RUNPATH_SEARCH_PATHS = (
					"$(inherited)",
					"@executable_path/Frameworks",
				);
				PRODUCT_BUNDLE_IDENTIFIER = "Zawg-s-App.Apple-Pie";
				PRODUCT_NAME = "$(TARGET_NAME)";
				SWIFT_VERSION = 4.2;
				TARGETED_DEVICE_FAMILY = 2;
			};
			name = Release;
		};
		38E18EB421592D84005D3176 /* Debug */ = {
			isa = XCBuildConfiguration;
			buildSettings = {
				ALWAYS_EMBED_SWIFT_STANDARD_LIBRARIES = YES;
				BUNDLE_LOADER = "$(TEST_HOST)";
				CODE_SIGN_STYLE = Automatic;
				DEVELOPMENT_TEAM = 56XJY2WYJZ;
				INFOPLIST_FILE = "Apple PieTests/Info.plist";
				LD_RUNPATH_SEARCH_PATHS = (
					"$(inherited)",
					"@executable_path/Frameworks",
					"@loader_path/Frameworks",
				);
				PRODUCT_BUNDLE_IDENTIFIER = "Zawg-s-App.Apple-PieTests";
				PRODUCT_NAME = "$(TARGET_NAME)";
				SWIFT_VERSION = 4.2;
				TARGETED_DEVICE_FAMILY = "1,2";
				TEST_HOST = "$(BUILT_PRODUCTS_DIR)/Apple Pie.app/Apple Pie";
			};
			name = Debug;
		};
		38E18EB521592D84005D3176 /* Release */ = {
			isa = XCBuildConfiguration;
			buildSettings = {
				ALWAYS_EMBED_SWIFT_STANDARD_LIBRARIES = YES;
				BUNDLE_LOADER = "$(TEST_HOST)";
				CODE_SIGN_STYLE = Automatic;
				DEVELOPMENT_TEAM = 56XJY2WYJZ;
				INFOPLIST_FILE = "Apple PieTests/Info.plist";
				LD_RUNPATH_SEARCH_PATHS = (
					"$(inherited)",
					"@executable_path/Frameworks",
					"@loader_path/Frameworks",
				);
				PRODUCT_BUNDLE_IDENTIFIER = "Zawg-s-App.Apple-PieTests";
				PRODUCT_NAME = "$(TARGET_NAME)";
				SWIFT_VERSION = 4.2;
				TARGETED_DEVICE_FAMILY = "1,2";
				TEST_HOST = "$(BUILT_PRODUCTS_DIR)/Apple Pie.app/Apple Pie";
			};
			name = Release;
		};
		38E18EB721592D84005D3176 /* Debug */ = {
			isa = XCBuildConfiguration;
			buildSettings = {
				ALWAYS_EMBED_SWIFT_STANDARD_LIBRARIES = YES;
				CODE_SIGN_STYLE = Automatic;
				DEVELOPMENT_TEAM = 56XJY2WYJZ;
				INFOPLIST_FILE = "Apple PieUITests/Info.plist";
				LD_RUNPATH_SEARCH_PATHS = (
					"$(inherited)",
					"@executable_path/Frameworks",
					"@loader_path/Frameworks",
				);
				PRODUCT_BUNDLE_IDENTIFIER = "Zawg-s-App.Apple-PieUITests";
				PRODUCT_NAME = "$(TARGET_NAME)";
				SWIFT_VERSION = 4.2;
				TARGETED_DEVICE_FAMILY = "1,2";
				TEST_TARGET_NAME = "Apple Pie";
			};
			name = Debug;
		};
		38E18EB821592D84005D3176 /* Release */ = {
			isa = XCBuildConfiguration;
			buildSettings = {
				ALWAYS_EMBED_SWIFT_STANDARD_LIBRARIES = YES;
				CODE_SIGN_STYLE = Automatic;
				DEVELOPMENT_TEAM = 56XJY2WYJZ;
				INFOPLIST_FILE = "Apple PieUITests/Info.plist";
				LD_RUNPATH_SEARCH_PATHS = (
					"$(inherited)",
					"@executable_path/Frameworks",
					"@loader_path/Frameworks",
				);
				PRODUCT_BUNDLE_IDENTIFIER = "Zawg-s-App.Apple-PieUITests";
				PRODUCT_NAME = "$(TARGET_NAME)";
				SWIFT_VERSION = 4.2;
				TARGETED_DEVICE_FAMILY = "1,2";
				TEST_TARGET_NAME = "Apple Pie";
			};
			name = Release;
		};
/* End XCBuildConfiguration section */

/* Begin XCConfigurationList section */
		38E18E8321592D82005D3176 /* Build configuration list for PBXProject "Apple Pie" */ = {
			isa = XCConfigurationList;
			buildConfigurations = (
				38E18EAE21592D84005D3176 /* Debug */,
				38E18EAF21592D84005D3176 /* Release */,
			);
			defaultConfigurationIsVisible = 0;
			defaultConfigurationName = Release;
		};
		38E18EB021592D84005D3176 /* Build configuration list for PBXNativeTarget "Apple Pie" */ = {
			isa = XCConfigurationList;
			buildConfigurations = (
				38E18EB121592D84005D3176 /* Debug */,
				38E18EB221592D84005D3176 /* Release */,
			);
			defaultConfigurationIsVisible = 0;
			defaultConfigurationName = Release;
		};
		38E18EB321592D84005D3176 /* Build configuration list for PBXNativeTarget "Apple PieTests" */ = {
			isa = XCConfigurationList;
			buildConfigurations = (
				38E18EB421592D84005D3176 /* Debug */,
				38E18EB521592D84005D3176 /* Release */,
			);
			defaultConfigurationIsVisible = 0;
			defaultConfigurationName = Release;
		};
		38E18EB621592D84005D3176 /* Build configuration list for PBXNativeTarget "Apple PieUITests" */ = {
			isa = XCConfigurationList;
			buildConfigurations = (
				38E18EB721592D84005D3176 /* Debug */,
				38E18EB821592D84005D3176 /* Release */,
			);
			defaultConfigurationIsVisible = 0;
			defaultConfigurationName = Release;
		};
/* End XCConfigurationList section */
	};
	rootObject = 38E18E8021592D82005D3176 /* Project object */;
}
